// !$*UTF8*$!
{
	archiveVersion = 1;
	classes = {
	};
	objectVersion = 55;
	objects = {

/* Begin PBXBuildFile section */
		5CDD958A280AA1180040BD53 /* FilePicker in Frameworks */ = {isa = PBXBuildFile; productRef = 5CDD9589280AA1180040BD53 /* FilePicker */; };
		D00ED46728006EAA0068CBB3 /* etcdWPApp.swift in Sources */ = {isa = PBXBuildFile; fileRef = D00ED46628006EAA0068CBB3 /* etcdWPApp.swift */; };
		D00ED46E28006EAB0068CBB3 /* Preview Assets.xcassets in Resources */ = {isa = PBXBuildFile; fileRef = D00ED46D28006EAB0068CBB3 /* Preview Assets.xcassets */; };
		D00ED47928006EAC0068CBB3 /* etcdWPTests.swift in Sources */ = {isa = PBXBuildFile; fileRef = D00ED47828006EAC0068CBB3 /* etcdWPTests.swift */; };
		D00ED48328006EAC0068CBB3 /* etcdWPUITests.swift in Sources */ = {isa = PBXBuildFile; fileRef = D00ED48228006EAC0068CBB3 /* etcdWPUITests.swift */; };
		D00ED48528006EAC0068CBB3 /* etcdWPUITestsLaunchTests.swift in Sources */ = {isa = PBXBuildFile; fileRef = D00ED48428006EAC0068CBB3 /* etcdWPUITestsLaunchTests.swift */; };
		D00ED49328006F350068CBB3 /* NavigationStack in Frameworks */ = {isa = PBXBuildFile; productRef = D00ED49228006F350068CBB3 /* NavigationStack */; };
		D00ED49628006F490068CBB3 /* PopupView in Frameworks */ = {isa = PBXBuildFile; productRef = D00ED49528006F490068CBB3 /* PopupView */; };
		D00ED49928006F600068CBB3 /* AxisTabView in Frameworks */ = {isa = PBXBuildFile; productRef = D00ED49828006F600068CBB3 /* AxisTabView */; };
		D00ED49C28006F6E0068CBB3 /* SwiftyJSON in Frameworks */ = {isa = PBXBuildFile; productRef = D00ED49B28006F6E0068CBB3 /* SwiftyJSON */; };
		D079BE5028143F36006B8619 /* SnapKit in Frameworks */ = {isa = PBXBuildFile; productRef = D079BE4F28143F36006B8619 /* SnapKit */; };
		D07D786A2802827500F72CF7 /* ObjectMapper in Frameworks */ = {isa = PBXBuildFile; productRef = D07D78692802827500F72CF7 /* ObjectMapper */; };
		D0D46889281EC635002D0849 /* etcdWp_iOSApp.swift in Sources */ = {isa = PBXBuildFile; fileRef = D0D46888281EC635002D0849 /* etcdWp_iOSApp.swift */; };
		D0D4688B281EC635002D0849 /* ContentView.swift in Sources */ = {isa = PBXBuildFile; fileRef = D0D4688A281EC635002D0849 /* ContentView.swift */; };
		D0D4688D281EC637002D0849 /* Assets.xcassets in Resources */ = {isa = PBXBuildFile; fileRef = D0D4688C281EC637002D0849 /* Assets.xcassets */; };
		D0D46890281EC637002D0849 /* Preview Assets.xcassets in Resources */ = {isa = PBXBuildFile; fileRef = D0D4688F281EC637002D0849 /* Preview Assets.xcassets */; };
		D0D4689A281EC637002D0849 /* etcdWp_iOSTests.swift in Sources */ = {isa = PBXBuildFile; fileRef = D0D46899281EC637002D0849 /* etcdWp_iOSTests.swift */; };
		D0D468A4281EC637002D0849 /* etcdWp_iOSUITests.swift in Sources */ = {isa = PBXBuildFile; fileRef = D0D468A3281EC637002D0849 /* etcdWp_iOSUITests.swift */; };
		D0D468A6281EC637002D0849 /* etcdWp_iOSUITestsLaunchTests.swift in Sources */ = {isa = PBXBuildFile; fileRef = D0D468A5281EC637002D0849 /* etcdWp_iOSUITestsLaunchTests.swift */; };
		D0D468F9281EC697002D0849 /* MacosEtcd.framework in Frameworks */ = {isa = PBXBuildFile; fileRef = D0D468B2281EC697002D0849 /* MacosEtcd.framework */; };
		D0D468FA281EC697002D0849 /* MacosEtcd.framework in Frameworks */ = {isa = PBXBuildFile; fileRef = D0D468B2281EC697002D0849 /* MacosEtcd.framework */; };
		D0D468FB281EC697002D0849 /* Carousel.swift in Sources */ = {isa = PBXBuildFile; fileRef = D0D468B6281EC697002D0849 /* Carousel.swift */; };
		D0D468FC281EC697002D0849 /* Carousel.swift in Sources */ = {isa = PBXBuildFile; fileRef = D0D468B6281EC697002D0849 /* Carousel.swift */; };
		D0D468FD281EC697002D0849 /* CarouselItemlView.swift in Sources */ = {isa = PBXBuildFile; fileRef = D0D468B7281EC697002D0849 /* CarouselItemlView.swift */; };
		D0D468FE281EC697002D0849 /* CarouselItemlView.swift in Sources */ = {isa = PBXBuildFile; fileRef = D0D468B7281EC697002D0849 /* CarouselItemlView.swift */; };
		D0D468FF281EC697002D0849 /* CarouselView.swift in Sources */ = {isa = PBXBuildFile; fileRef = D0D468B8281EC697002D0849 /* CarouselView.swift */; };
		D0D46900281EC697002D0849 /* CarouselView.swift in Sources */ = {isa = PBXBuildFile; fileRef = D0D468B8281EC697002D0849 /* CarouselView.swift */; };
		D0D46901281EC697002D0849 /* Localizable.strings in Resources */ = {isa = PBXBuildFile; fileRef = D0D468BB281EC697002D0849 /* Localizable.strings */; };
		D0D46902281EC697002D0849 /* Localizable.strings in Resources */ = {isa = PBXBuildFile; fileRef = D0D468BB281EC697002D0849 /* Localizable.strings */; };
		D0D46903281EC697002D0849 /* InfoPlist.strings in Resources */ = {isa = PBXBuildFile; fileRef = D0D468BD281EC697002D0849 /* InfoPlist.strings */; };
		D0D46904281EC697002D0849 /* InfoPlist.strings in Resources */ = {isa = PBXBuildFile; fileRef = D0D468BD281EC697002D0849 /* InfoPlist.strings */; };
		D0D46905281EC697002D0849 /* Localizable.stringsdict in Resources */ = {isa = PBXBuildFile; fileRef = D0D468BF281EC697002D0849 /* Localizable.stringsdict */; };
		D0D46906281EC697002D0849 /* Localizable.stringsdict in Resources */ = {isa = PBXBuildFile; fileRef = D0D468BF281EC697002D0849 /* Localizable.stringsdict */; };
		D0D46907281EC697002D0849 /* Assets.xcassets in Resources */ = {isa = PBXBuildFile; fileRef = D0D468C4281EC697002D0849 /* Assets.xcassets */; };
		D0D46908281EC697002D0849 /* Assets.xcassets in Resources */ = {isa = PBXBuildFile; fileRef = D0D468C4281EC697002D0849 /* Assets.xcassets */; };
		D0D46909281EC697002D0849 /* ETCDConfigView.swift in Sources */ = {isa = PBXBuildFile; fileRef = D0D468C9281EC697002D0849 /* ETCDConfigView.swift */; };
		D0D4690A281EC697002D0849 /* ETCDConfigView.swift in Sources */ = {isa = PBXBuildFile; fileRef = D0D468C9281EC697002D0849 /* ETCDConfigView.swift */; };
		D0D4690B281EC697002D0849 /* ETCDHomeContentView.swift in Sources */ = {isa = PBXBuildFile; fileRef = D0D468CA281EC697002D0849 /* ETCDHomeContentView.swift */; };
		D0D4690C281EC697002D0849 /* ETCDHomeContentView.swift in Sources */ = {isa = PBXBuildFile; fileRef = D0D468CA281EC697002D0849 /* ETCDHomeContentView.swift */; };
		D0D4690D281EC697002D0849 /* ETCDHomeMainView.swift in Sources */ = {isa = PBXBuildFile; fileRef = D0D468CB281EC697002D0849 /* ETCDHomeMainView.swift */; };
		D0D4690E281EC697002D0849 /* ETCDHomeMainView.swift in Sources */ = {isa = PBXBuildFile; fileRef = D0D468CB281EC697002D0849 /* ETCDHomeMainView.swift */; };
		D0D4690F281EC697002D0849 /* HomeViewModel.swift in Sources */ = {isa = PBXBuildFile; fileRef = D0D468CD281EC697002D0849 /* HomeViewModel.swift */; };
		D0D46910281EC697002D0849 /* HomeViewModel.swift in Sources */ = {isa = PBXBuildFile; fileRef = D0D468CD281EC697002D0849 /* HomeViewModel.swift */; };
		D0D46911281EC697002D0849 /* ETCDUserDefaultsModel.swift in Sources */ = {isa = PBXBuildFile; fileRef = D0D468CE281EC697002D0849 /* ETCDUserDefaultsModel.swift */; };
		D0D46912281EC697002D0849 /* ETCDUserDefaultsModel.swift in Sources */ = {isa = PBXBuildFile; fileRef = D0D468CE281EC697002D0849 /* ETCDUserDefaultsModel.swift */; };
		D0D46913281EC697002D0849 /* ETCDTabarModel.swift in Sources */ = {isa = PBXBuildFile; fileRef = D0D468CF281EC697002D0849 /* ETCDTabarModel.swift */; };
		D0D46914281EC697002D0849 /* ETCDTabarModel.swift in Sources */ = {isa = PBXBuildFile; fileRef = D0D468CF281EC697002D0849 /* ETCDTabarModel.swift */; };
		D0D46915281EC697002D0849 /* ETCDConfigModel.swift in Sources */ = {isa = PBXBuildFile; fileRef = D0D468D0281EC697002D0849 /* ETCDConfigModel.swift */; };
		D0D46916281EC697002D0849 /* ETCDConfigModel.swift in Sources */ = {isa = PBXBuildFile; fileRef = D0D468D0281EC697002D0849 /* ETCDConfigModel.swift */; };
		D0D46917281EC697002D0849 /* CardItemView.swift in Sources */ = {isa = PBXBuildFile; fileRef = D0D468D2281EC697002D0849 /* CardItemView.swift */; };
		D0D46918281EC697002D0849 /* CardItemView.swift in Sources */ = {isa = PBXBuildFile; fileRef = D0D468D2281EC697002D0849 /* CardItemView.swift */; };
		D0D46919281EC697002D0849 /* TopToastView.swift in Sources */ = {isa = PBXBuildFile; fileRef = D0D468D3281EC697002D0849 /* TopToastView.swift */; };
		D0D4691A281EC697002D0849 /* TopToastView.swift in Sources */ = {isa = PBXBuildFile; fileRef = D0D468D3281EC697002D0849 /* TopToastView.swift */; };
		D0D4691B281EC697002D0849 /* ETCDTabBarContentView.swift in Sources */ = {isa = PBXBuildFile; fileRef = D0D468D5281EC697002D0849 /* ETCDTabBarContentView.swift */; };
		D0D4691C281EC697002D0849 /* ETCDTabBarContentView.swift in Sources */ = {isa = PBXBuildFile; fileRef = D0D468D5281EC697002D0849 /* ETCDTabBarContentView.swift */; };
		D0D4691D281EC697002D0849 /* ETCDEtcdOperationView.swift in Sources */ = {isa = PBXBuildFile; fileRef = D0D468D7281EC697002D0849 /* ETCDEtcdOperationView.swift */; };
		D0D4691E281EC697002D0849 /* ETCDEtcdOperationView.swift in Sources */ = {isa = PBXBuildFile; fileRef = D0D468D7281EC697002D0849 /* ETCDEtcdOperationView.swift */; };
		D0D4691F281EC697002D0849 /* ETCDKeyPrefixView.swift in Sources */ = {isa = PBXBuildFile; fileRef = D0D468D9281EC697002D0849 /* ETCDKeyPrefixView.swift */; };
		D0D46920281EC697002D0849 /* ETCDKeyPrefixView.swift in Sources */ = {isa = PBXBuildFile; fileRef = D0D468D9281EC697002D0849 /* ETCDKeyPrefixView.swift */; };
		D0D46921281EC697002D0849 /* ETCDRolesListView.swift in Sources */ = {isa = PBXBuildFile; fileRef = D0D468DA281EC697002D0849 /* ETCDRolesListView.swift */; };
		D0D46922281EC697002D0849 /* ETCDRolesListView.swift in Sources */ = {isa = PBXBuildFile; fileRef = D0D468DA281EC697002D0849 /* ETCDRolesListView.swift */; };
		D0D46923281EC697002D0849 /* ETCDLeaseListView.swift in Sources */ = {isa = PBXBuildFile; fileRef = D0D468DB281EC697002D0849 /* ETCDLeaseListView.swift */; };
		D0D46924281EC697002D0849 /* ETCDLeaseListView.swift in Sources */ = {isa = PBXBuildFile; fileRef = D0D468DB281EC697002D0849 /* ETCDLeaseListView.swift */; };
		D0D46925281EC697002D0849 /* ETCDSheetView.swift in Sources */ = {isa = PBXBuildFile; fileRef = D0D468DC281EC697002D0849 /* ETCDSheetView.swift */; };
		D0D46926281EC697002D0849 /* ETCDSheetView.swift in Sources */ = {isa = PBXBuildFile; fileRef = D0D468DC281EC697002D0849 /* ETCDSheetView.swift */; };
		D0D46927281EC697002D0849 /* ETCDKeyValueActionsView.swift in Sources */ = {isa = PBXBuildFile; fileRef = D0D468DD281EC697002D0849 /* ETCDKeyValueActionsView.swift */; };
		D0D46928281EC697002D0849 /* ETCDKeyValueActionsView.swift in Sources */ = {isa = PBXBuildFile; fileRef = D0D468DD281EC697002D0849 /* ETCDKeyValueActionsView.swift */; };
		D0D46929281EC697002D0849 /* ETCDUserListView.swift in Sources */ = {isa = PBXBuildFile; fileRef = D0D468DE281EC697002D0849 /* ETCDUserListView.swift */; };
		D0D4692A281EC697002D0849 /* ETCDUserListView.swift in Sources */ = {isa = PBXBuildFile; fileRef = D0D468DE281EC697002D0849 /* ETCDUserListView.swift */; };
		D0D4692B281EC697002D0849 /* NSTextView+.swift in Sources */ = {isa = PBXBuildFile; fileRef = D0D468DF281EC697002D0849 /* NSTextView+.swift */; };
		D0D4692C281EC697002D0849 /* NSTextView+.swift in Sources */ = {isa = PBXBuildFile; fileRef = D0D468DF281EC697002D0849 /* NSTextView+.swift */; };
		D0D4692D281EC697002D0849 /* ETCDTableViewRepresentableBootcamp.swift in Sources */ = {isa = PBXBuildFile; fileRef = D0D468E1281EC697002D0849 /* ETCDTableViewRepresentableBootcamp.swift */; };
		D0D4692E281EC697002D0849 /* ETCDTableViewRepresentableBootcamp.swift in Sources */ = {isa = PBXBuildFile; fileRef = D0D468E1281EC697002D0849 /* ETCDTableViewRepresentableBootcamp.swift */; };
		D0D4692F281EC697002D0849 /* ETCDKVSubContentView.swift in Sources */ = {isa = PBXBuildFile; fileRef = D0D468E2281EC697002D0849 /* ETCDKVSubContentView.swift */; };
		D0D46930281EC697002D0849 /* ETCDKVSubContentView.swift in Sources */ = {isa = PBXBuildFile; fileRef = D0D468E2281EC697002D0849 /* ETCDKVSubContentView.swift */; };
		D0D46931281EC697002D0849 /* ETCDTableView.swift in Sources */ = {isa = PBXBuildFile; fileRef = D0D468E3281EC697002D0849 /* ETCDTableView.swift */; };
		D0D46932281EC697002D0849 /* ETCDTableView.swift in Sources */ = {isa = PBXBuildFile; fileRef = D0D468E3281EC697002D0849 /* ETCDTableView.swift */; };
		D0D46933281EC697002D0849 /* ETCDRoleModel.swift in Sources */ = {isa = PBXBuildFile; fileRef = D0D468E5281EC697002D0849 /* ETCDRoleModel.swift */; };
		D0D46934281EC697002D0849 /* ETCDRoleModel.swift in Sources */ = {isa = PBXBuildFile; fileRef = D0D468E5281EC697002D0849 /* ETCDRoleModel.swift */; };
		D0D46935281EC697002D0849 /* ETCDKVItemModel.swift in Sources */ = {isa = PBXBuildFile; fileRef = D0D468E6281EC697002D0849 /* ETCDKVItemModel.swift */; };
		D0D46936281EC697002D0849 /* ETCDKVItemModel.swift in Sources */ = {isa = PBXBuildFile; fileRef = D0D468E6281EC697002D0849 /* ETCDKVItemModel.swift */; };
		D0D46937281EC697002D0849 /* ETCDKeyValueModel.swift in Sources */ = {isa = PBXBuildFile; fileRef = D0D468E7281EC697002D0849 /* ETCDKeyValueModel.swift */; };
		D0D46938281EC697002D0849 /* ETCDKeyValueModel.swift in Sources */ = {isa = PBXBuildFile; fileRef = D0D468E7281EC697002D0849 /* ETCDKeyValueModel.swift */; };
		D0D46939281EC697002D0849 /* ETCDLogsObject.swift in Sources */ = {isa = PBXBuildFile; fileRef = D0D468E8281EC697002D0849 /* ETCDLogsObject.swift */; };
		D0D4693A281EC697002D0849 /* ETCDLogsObject.swift in Sources */ = {isa = PBXBuildFile; fileRef = D0D468E8281EC697002D0849 /* ETCDLogsObject.swift */; };
		D0D4693B281EC697002D0849 /* AboutView.swift in Sources */ = {isa = PBXBuildFile; fileRef = D0D468EA281EC697002D0849 /* AboutView.swift */; };
		D0D4693C281EC697002D0849 /* AboutView.swift in Sources */ = {isa = PBXBuildFile; fileRef = D0D468EA281EC697002D0849 /* AboutView.swift */; };
		D0D4693D281EC697002D0849 /* AboutModel.swift in Sources */ = {isa = PBXBuildFile; fileRef = D0D468EB281EC697002D0849 /* AboutModel.swift */; };
		D0D4693E281EC697002D0849 /* AboutModel.swift in Sources */ = {isa = PBXBuildFile; fileRef = D0D468EB281EC697002D0849 /* AboutModel.swift */; };
		D0D4693F281EC697002D0849 /* ETCDCheckBoxView.swift in Sources */ = {isa = PBXBuildFile; fileRef = D0D468ED281EC697002D0849 /* ETCDCheckBoxView.swift */; };
		D0D46940281EC697002D0849 /* ETCDCheckBoxView.swift in Sources */ = {isa = PBXBuildFile; fileRef = D0D468ED281EC697002D0849 /* ETCDCheckBoxView.swift */; };
		D0D46941281EC697002D0849 /* Content.swift in Sources */ = {isa = PBXBuildFile; fileRef = D0D468EE281EC697002D0849 /* Content.swift */; };
		D0D46942281EC697002D0849 /* Content.swift in Sources */ = {isa = PBXBuildFile; fileRef = D0D468EE281EC697002D0849 /* Content.swift */; };
		D0D46943281EC697002D0849 /* ColorHex.swift in Sources */ = {isa = PBXBuildFile; fileRef = D0D468EF281EC697002D0849 /* ColorHex.swift */; };
		D0D46944281EC697002D0849 /* ColorHex.swift in Sources */ = {isa = PBXBuildFile; fileRef = D0D468EF281EC697002D0849 /* ColorHex.swift */; };
		D0D46945281EC697002D0849 /* Button.swift in Sources */ = {isa = PBXBuildFile; fileRef = D0D468F0281EC697002D0849 /* Button.swift */; };
		D0D46946281EC697002D0849 /* Button.swift in Sources */ = {isa = PBXBuildFile; fileRef = D0D468F0281EC697002D0849 /* Button.swift */; };
		D0D46947281EC697002D0849 /* LocalizedStringKey+.swift in Sources */ = {isa = PBXBuildFile; fileRef = D0D468F5281EC697002D0849 /* LocalizedStringKey+.swift */; };
		D0D46948281EC697002D0849 /* LocalizedStringKey+.swift in Sources */ = {isa = PBXBuildFile; fileRef = D0D468F5281EC697002D0849 /* LocalizedStringKey+.swift */; };
		D0D46949281EC697002D0849 /* Constant.swift in Sources */ = {isa = PBXBuildFile; fileRef = D0D468F7281EC697002D0849 /* Constant.swift */; };
		D0D4694A281EC697002D0849 /* Constant.swift in Sources */ = {isa = PBXBuildFile; fileRef = D0D468F7281EC697002D0849 /* Constant.swift */; };
		D0D4694B281EC697002D0849 /* OpenPan.swift in Sources */ = {isa = PBXBuildFile; fileRef = D0D468F8281EC697002D0849 /* OpenPan.swift */; };
		D0D4694C281EC697002D0849 /* OpenPan.swift in Sources */ = {isa = PBXBuildFile; fileRef = D0D468F8281EC697002D0849 /* OpenPan.swift */; };
/* End PBXBuildFile section */

/* Begin PBXContainerItemProxy section */
		D00ED47528006EAC0068CBB3 /* PBXContainerItemProxy */ = {
			isa = PBXContainerItemProxy;
			containerPortal = D00ED45B28006EAA0068CBB3 /* Project object */;
			proxyType = 1;
			remoteGlobalIDString = D00ED46228006EAA0068CBB3;
			remoteInfo = etcdWP;
		};
		D00ED47F28006EAC0068CBB3 /* PBXContainerItemProxy */ = {
			isa = PBXContainerItemProxy;
			containerPortal = D00ED45B28006EAA0068CBB3 /* Project object */;
			proxyType = 1;
			remoteGlobalIDString = D00ED46228006EAA0068CBB3;
			remoteInfo = etcdWP;
		};
		D0D46896281EC637002D0849 /* PBXContainerItemProxy */ = {
			isa = PBXContainerItemProxy;
			containerPortal = D00ED45B28006EAA0068CBB3 /* Project object */;
			proxyType = 1;
			remoteGlobalIDString = D0D46885281EC635002D0849;
			remoteInfo = "etcdWp-iOS";
		};
		D0D468A0281EC637002D0849 /* PBXContainerItemProxy */ = {
			isa = PBXContainerItemProxy;
			containerPortal = D00ED45B28006EAA0068CBB3 /* Project object */;
			proxyType = 1;
			remoteGlobalIDString = D0D46885281EC635002D0849;
			remoteInfo = "etcdWp-iOS";
		};
/* End PBXContainerItemProxy section */

/* Begin PBXFileReference section */
		D00ED46328006EAA0068CBB3 /* etcdWP.app */ = {isa = PBXFileReference; explicitFileType = wrapper.application; includeInIndex = 0; path = etcdWP.app; sourceTree = BUILT_PRODUCTS_DIR; };
		D00ED46628006EAA0068CBB3 /* etcdWPApp.swift */ = {isa = PBXFileReference; lastKnownFileType = sourcecode.swift; path = etcdWPApp.swift; sourceTree = "<group>"; };
		D00ED46D28006EAB0068CBB3 /* Preview Assets.xcassets */ = {isa = PBXFileReference; lastKnownFileType = folder.assetcatalog; path = "Preview Assets.xcassets"; sourceTree = "<group>"; };
		D00ED46F28006EAB0068CBB3 /* etcdWP.entitlements */ = {isa = PBXFileReference; lastKnownFileType = text.plist.entitlements; path = etcdWP.entitlements; sourceTree = "<group>"; };
		D00ED47428006EAC0068CBB3 /* etcdWPTests.xctest */ = {isa = PBXFileReference; explicitFileType = wrapper.cfbundle; includeInIndex = 0; path = etcdWPTests.xctest; sourceTree = BUILT_PRODUCTS_DIR; };
		D00ED47828006EAC0068CBB3 /* etcdWPTests.swift */ = {isa = PBXFileReference; lastKnownFileType = sourcecode.swift; path = etcdWPTests.swift; sourceTree = "<group>"; };
		D00ED47E28006EAC0068CBB3 /* etcdWPUITests.xctest */ = {isa = PBXFileReference; explicitFileType = wrapper.cfbundle; includeInIndex = 0; path = etcdWPUITests.xctest; sourceTree = BUILT_PRODUCTS_DIR; };
		D00ED48228006EAC0068CBB3 /* etcdWPUITests.swift */ = {isa = PBXFileReference; lastKnownFileType = sourcecode.swift; path = etcdWPUITests.swift; sourceTree = "<group>"; };
		D00ED48428006EAC0068CBB3 /* etcdWPUITestsLaunchTests.swift */ = {isa = PBXFileReference; lastKnownFileType = sourcecode.swift; path = etcdWPUITestsLaunchTests.swift; sourceTree = "<group>"; };
		D00ED49D28006F900068CBB3 /* Info.plist */ = {isa = PBXFileReference; lastKnownFileType = text.plist.xml; path = Info.plist; sourceTree = "<group>"; };
		D0D46886281EC635002D0849 /* etcdWp-iOS.app */ = {isa = PBXFileReference; explicitFileType = wrapper.application; includeInIndex = 0; path = "etcdWp-iOS.app"; sourceTree = BUILT_PRODUCTS_DIR; };
		D0D46888281EC635002D0849 /* etcdWp_iOSApp.swift */ = {isa = PBXFileReference; lastKnownFileType = sourcecode.swift; path = etcdWp_iOSApp.swift; sourceTree = "<group>"; };
		D0D4688A281EC635002D0849 /* ContentView.swift */ = {isa = PBXFileReference; lastKnownFileType = sourcecode.swift; path = ContentView.swift; sourceTree = "<group>"; };
		D0D4688C281EC637002D0849 /* Assets.xcassets */ = {isa = PBXFileReference; lastKnownFileType = folder.assetcatalog; path = Assets.xcassets; sourceTree = "<group>"; };
		D0D4688F281EC637002D0849 /* Preview Assets.xcassets */ = {isa = PBXFileReference; lastKnownFileType = folder.assetcatalog; path = "Preview Assets.xcassets"; sourceTree = "<group>"; };
		D0D46895281EC637002D0849 /* etcdWp-iOSTests.xctest */ = {isa = PBXFileReference; explicitFileType = wrapper.cfbundle; includeInIndex = 0; path = "etcdWp-iOSTests.xctest"; sourceTree = BUILT_PRODUCTS_DIR; };
		D0D46899281EC637002D0849 /* etcdWp_iOSTests.swift */ = {isa = PBXFileReference; lastKnownFileType = sourcecode.swift; path = etcdWp_iOSTests.swift; sourceTree = "<group>"; };
		D0D4689F281EC637002D0849 /* etcdWp-iOSUITests.xctest */ = {isa = PBXFileReference; explicitFileType = wrapper.cfbundle; includeInIndex = 0; path = "etcdWp-iOSUITests.xctest"; sourceTree = BUILT_PRODUCTS_DIR; };
		D0D468A3281EC637002D0849 /* etcdWp_iOSUITests.swift */ = {isa = PBXFileReference; lastKnownFileType = sourcecode.swift; path = etcdWp_iOSUITests.swift; sourceTree = "<group>"; };
		D0D468A5281EC637002D0849 /* etcdWp_iOSUITestsLaunchTests.swift */ = {isa = PBXFileReference; lastKnownFileType = sourcecode.swift; path = etcdWp_iOSUITestsLaunchTests.swift; sourceTree = "<group>"; };
		D0D468B2281EC697002D0849 /* MacosEtcd.framework */ = {isa = PBXFileReference; lastKnownFileType = wrapper.framework; path = MacosEtcd.framework; sourceTree = "<group>"; };
		D0D468B6281EC697002D0849 /* Carousel.swift */ = {isa = PBXFileReference; fileEncoding = 4; lastKnownFileType = sourcecode.swift; path = Carousel.swift; sourceTree = "<group>"; };
		D0D468B7281EC697002D0849 /* CarouselItemlView.swift */ = {isa = PBXFileReference; fileEncoding = 4; lastKnownFileType = sourcecode.swift; path = CarouselItemlView.swift; sourceTree = "<group>"; };
		D0D468B8281EC697002D0849 /* CarouselView.swift */ = {isa = PBXFileReference; fileEncoding = 4; lastKnownFileType = sourcecode.swift; path = CarouselView.swift; sourceTree = "<group>"; };
		D0D468BC281EC697002D0849 /* zh-Hans */ = {isa = PBXFileReference; lastKnownFileType = text.plist.strings; name = "zh-Hans"; path = "zh-Hans.lproj/Localizable.strings"; sourceTree = "<group>"; };
		D0D468BE281EC697002D0849 /* zh-Hans */ = {isa = PBXFileReference; lastKnownFileType = text.plist.strings; name = "zh-Hans"; path = "zh-Hans.lproj/InfoPlist.strings"; sourceTree = "<group>"; };
		D0D468C0281EC697002D0849 /* zh-Hans */ = {isa = PBXFileReference; lastKnownFileType = text.plist.stringsdict; name = "zh-Hans"; path = "zh-Hans.lproj/Localizable.stringsdict"; sourceTree = "<group>"; };
		D0D468C1281EC697002D0849 /* en */ = {isa = PBXFileReference; lastKnownFileType = text.plist.strings; name = en; path = en.lproj/Localizable.strings; sourceTree = "<group>"; };
		D0D468C2281EC697002D0849 /* en */ = {isa = PBXFileReference; lastKnownFileType = text.plist.strings; name = en; path = en.lproj/InfoPlist.strings; sourceTree = "<group>"; };
		D0D468C3281EC697002D0849 /* en */ = {isa = PBXFileReference; lastKnownFileType = text.plist.stringsdict; name = en; path = en.lproj/Localizable.stringsdict; sourceTree = "<group>"; };
		D0D468C4281EC697002D0849 /* Assets.xcassets */ = {isa = PBXFileReference; lastKnownFileType = folder.assetcatalog; path = Assets.xcassets; sourceTree = "<group>"; };
		D0D468C9281EC697002D0849 /* ETCDConfigView.swift */ = {isa = PBXFileReference; fileEncoding = 4; lastKnownFileType = sourcecode.swift; path = ETCDConfigView.swift; sourceTree = "<group>"; };
		D0D468CA281EC697002D0849 /* ETCDHomeContentView.swift */ = {isa = PBXFileReference; fileEncoding = 4; lastKnownFileType = sourcecode.swift; path = ETCDHomeContentView.swift; sourceTree = "<group>"; };
		D0D468CB281EC697002D0849 /* ETCDHomeMainView.swift */ = {isa = PBXFileReference; fileEncoding = 4; lastKnownFileType = sourcecode.swift; path = ETCDHomeMainView.swift; sourceTree = "<group>"; };
		D0D468CD281EC697002D0849 /* HomeViewModel.swift */ = {isa = PBXFileReference; fileEncoding = 4; lastKnownFileType = sourcecode.swift; path = HomeViewModel.swift; sourceTree = "<group>"; };
		D0D468CE281EC697002D0849 /* ETCDUserDefaultsModel.swift */ = {isa = PBXFileReference; fileEncoding = 4; lastKnownFileType = sourcecode.swift; path = ETCDUserDefaultsModel.swift; sourceTree = "<group>"; };
		D0D468CF281EC697002D0849 /* ETCDTabarModel.swift */ = {isa = PBXFileReference; fileEncoding = 4; lastKnownFileType = sourcecode.swift; path = ETCDTabarModel.swift; sourceTree = "<group>"; };
		D0D468D0281EC697002D0849 /* ETCDConfigModel.swift */ = {isa = PBXFileReference; fileEncoding = 4; lastKnownFileType = sourcecode.swift; path = ETCDConfigModel.swift; sourceTree = "<group>"; };
		D0D468D2281EC697002D0849 /* CardItemView.swift */ = {isa = PBXFileReference; fileEncoding = 4; lastKnownFileType = sourcecode.swift; path = CardItemView.swift; sourceTree = "<group>"; };
		D0D468D3281EC697002D0849 /* TopToastView.swift */ = {isa = PBXFileReference; fileEncoding = 4; lastKnownFileType = sourcecode.swift; path = TopToastView.swift; sourceTree = "<group>"; };
		D0D468D5281EC697002D0849 /* ETCDTabBarContentView.swift */ = {isa = PBXFileReference; fileEncoding = 4; lastKnownFileType = sourcecode.swift; path = ETCDTabBarContentView.swift; sourceTree = "<group>"; };
		D0D468D7281EC697002D0849 /* ETCDEtcdOperationView.swift */ = {isa = PBXFileReference; fileEncoding = 4; lastKnownFileType = sourcecode.swift; path = ETCDEtcdOperationView.swift; sourceTree = "<group>"; };
		D0D468D9281EC697002D0849 /* ETCDKeyPrefixView.swift */ = {isa = PBXFileReference; fileEncoding = 4; lastKnownFileType = sourcecode.swift; path = ETCDKeyPrefixView.swift; sourceTree = "<group>"; };
		D0D468DA281EC697002D0849 /* ETCDRolesListView.swift */ = {isa = PBXFileReference; fileEncoding = 4; lastKnownFileType = sourcecode.swift; path = ETCDRolesListView.swift; sourceTree = "<group>"; };
		D0D468DB281EC697002D0849 /* ETCDLeaseListView.swift */ = {isa = PBXFileReference; fileEncoding = 4; lastKnownFileType = sourcecode.swift; path = ETCDLeaseListView.swift; sourceTree = "<group>"; };
		D0D468DC281EC697002D0849 /* ETCDSheetView.swift */ = {isa = PBXFileReference; fileEncoding = 4; lastKnownFileType = sourcecode.swift; path = ETCDSheetView.swift; sourceTree = "<group>"; };
		D0D468DD281EC697002D0849 /* ETCDKeyValueActionsView.swift */ = {isa = PBXFileReference; fileEncoding = 4; lastKnownFileType = sourcecode.swift; path = ETCDKeyValueActionsView.swift; sourceTree = "<group>"; };
		D0D468DE281EC697002D0849 /* ETCDUserListView.swift */ = {isa = PBXFileReference; fileEncoding = 4; lastKnownFileType = sourcecode.swift; path = ETCDUserListView.swift; sourceTree = "<group>"; };
		D0D468DF281EC697002D0849 /* NSTextView+.swift */ = {isa = PBXFileReference; fileEncoding = 4; lastKnownFileType = sourcecode.swift; path = "NSTextView+.swift"; sourceTree = "<group>"; };
		D0D468E1281EC697002D0849 /* ETCDTableViewRepresentableBootcamp.swift */ = {isa = PBXFileReference; fileEncoding = 4; lastKnownFileType = sourcecode.swift; path = ETCDTableViewRepresentableBootcamp.swift; sourceTree = "<group>"; };
		D0D468E2281EC697002D0849 /* ETCDKVSubContentView.swift */ = {isa = PBXFileReference; fileEncoding = 4; lastKnownFileType = sourcecode.swift; path = ETCDKVSubContentView.swift; sourceTree = "<group>"; };
		D0D468E3281EC697002D0849 /* ETCDTableView.swift */ = {isa = PBXFileReference; fileEncoding = 4; lastKnownFileType = sourcecode.swift; path = ETCDTableView.swift; sourceTree = "<group>"; };
		D0D468E5281EC697002D0849 /* ETCDRoleModel.swift */ = {isa = PBXFileReference; fileEncoding = 4; lastKnownFileType = sourcecode.swift; path = ETCDRoleModel.swift; sourceTree = "<group>"; };
		D0D468E6281EC697002D0849 /* ETCDKVItemModel.swift */ = {isa = PBXFileReference; fileEncoding = 4; lastKnownFileType = sourcecode.swift; path = ETCDKVItemModel.swift; sourceTree = "<group>"; };
		D0D468E7281EC697002D0849 /* ETCDKeyValueModel.swift */ = {isa = PBXFileReference; fileEncoding = 4; lastKnownFileType = sourcecode.swift; path = ETCDKeyValueModel.swift; sourceTree = "<group>"; };
		D0D468E8281EC697002D0849 /* ETCDLogsObject.swift */ = {isa = PBXFileReference; fileEncoding = 4; lastKnownFileType = sourcecode.swift; path = ETCDLogsObject.swift; sourceTree = "<group>"; };
		D0D468EA281EC697002D0849 /* AboutView.swift */ = {isa = PBXFileReference; fileEncoding = 4; lastKnownFileType = sourcecode.swift; path = AboutView.swift; sourceTree = "<group>"; };
		D0D468EB281EC697002D0849 /* AboutModel.swift */ = {isa = PBXFileReference; fileEncoding = 4; lastKnownFileType = sourcecode.swift; path = AboutModel.swift; sourceTree = "<group>"; };
		D0D468ED281EC697002D0849 /* ETCDCheckBoxView.swift */ = {isa = PBXFileReference; fileEncoding = 4; lastKnownFileType = sourcecode.swift; path = ETCDCheckBoxView.swift; sourceTree = "<group>"; };
		D0D468EE281EC697002D0849 /* Content.swift */ = {isa = PBXFileReference; fileEncoding = 4; lastKnownFileType = sourcecode.swift; path = Content.swift; sourceTree = "<group>"; };
		D0D468EF281EC697002D0849 /* ColorHex.swift */ = {isa = PBXFileReference; fileEncoding = 4; lastKnownFileType = sourcecode.swift; path = ColorHex.swift; sourceTree = "<group>"; };
		D0D468F0281EC697002D0849 /* Button.swift */ = {isa = PBXFileReference; fileEncoding = 4; lastKnownFileType = sourcecode.swift; path = Button.swift; sourceTree = "<group>"; };
		D0D468F5281EC697002D0849 /* LocalizedStringKey+.swift */ = {isa = PBXFileReference; fileEncoding = 4; lastKnownFileType = sourcecode.swift; path = "LocalizedStringKey+.swift"; sourceTree = "<group>"; };
		D0D468F7281EC697002D0849 /* Constant.swift */ = {isa = PBXFileReference; fileEncoding = 4; lastKnownFileType = sourcecode.swift; path = Constant.swift; sourceTree = "<group>"; };
		D0D468F8281EC697002D0849 /* OpenPan.swift */ = {isa = PBXFileReference; fileEncoding = 4; lastKnownFileType = sourcecode.swift; path = OpenPan.swift; sourceTree = "<group>"; };
/* End PBXFileReference section */

/* Begin PBXFrameworksBuildPhase section */
		D00ED46028006EAA0068CBB3 /* Frameworks */ = {
			isa = PBXFrameworksBuildPhase;
			buildActionMask = 2147483647;
			files = (
				D07D786A2802827500F72CF7 /* ObjectMapper in Frameworks */,
				D079BE5028143F36006B8619 /* SnapKit in Frameworks */,
				D0D468F9281EC697002D0849 /* MacosEtcd.framework in Frameworks */,
				D00ED49928006F600068CBB3 /* AxisTabView in Frameworks */,
				D00ED49628006F490068CBB3 /* PopupView in Frameworks */,
				5CDD958A280AA1180040BD53 /* FilePicker in Frameworks */,
				D00ED49C28006F6E0068CBB3 /* SwiftyJSON in Frameworks */,
				D00ED49328006F350068CBB3 /* NavigationStack in Frameworks */,
			);
			runOnlyForDeploymentPostprocessing = 0;
		};
		D00ED47128006EAC0068CBB3 /* Frameworks */ = {
			isa = PBXFrameworksBuildPhase;
			buildActionMask = 2147483647;
			files = (
			);
			runOnlyForDeploymentPostprocessing = 0;
		};
		D00ED47B28006EAC0068CBB3 /* Frameworks */ = {
			isa = PBXFrameworksBuildPhase;
			buildActionMask = 2147483647;
			files = (
			);
			runOnlyForDeploymentPostprocessing = 0;
		};
		D0D46883281EC635002D0849 /* Frameworks */ = {
			isa = PBXFrameworksBuildPhase;
			buildActionMask = 2147483647;
			files = (
				D0D468FA281EC697002D0849 /* MacosEtcd.framework in Frameworks */,
			);
			runOnlyForDeploymentPostprocessing = 0;
		};
		D0D46892281EC637002D0849 /* Frameworks */ = {
			isa = PBXFrameworksBuildPhase;
			buildActionMask = 2147483647;
			files = (
			);
			runOnlyForDeploymentPostprocessing = 0;
		};
		D0D4689C281EC637002D0849 /* Frameworks */ = {
			isa = PBXFrameworksBuildPhase;
			buildActionMask = 2147483647;
			files = (
			);
			runOnlyForDeploymentPostprocessing = 0;
		};
/* End PBXFrameworksBuildPhase section */

/* Begin PBXGroup section */
		D00ED45A28006EAA0068CBB3 = {
			isa = PBXGroup;
			children = (
				D00ED46528006EAA0068CBB3 /* etcdWP */,
				D00ED47728006EAC0068CBB3 /* etcdWPTests */,
				D00ED48128006EAC0068CBB3 /* etcdWPUITests */,
				D0D46887281EC635002D0849 /* etcdWp-iOS */,
				D0D46898281EC637002D0849 /* etcdWp-iOSTests */,
				D0D468A2281EC637002D0849 /* etcdWp-iOSUITests */,
				D00ED46428006EAA0068CBB3 /* Products */,
			);
			sourceTree = "<group>";
		};
		D00ED46428006EAA0068CBB3 /* Products */ = {
			isa = PBXGroup;
			children = (
				D00ED46328006EAA0068CBB3 /* etcdWP.app */,
				D00ED47428006EAC0068CBB3 /* etcdWPTests.xctest */,
				D00ED47E28006EAC0068CBB3 /* etcdWPUITests.xctest */,
				D0D46886281EC635002D0849 /* etcdWp-iOS.app */,
				D0D46895281EC637002D0849 /* etcdWp-iOSTests.xctest */,
				D0D4689F281EC637002D0849 /* etcdWp-iOSUITests.xctest */,
			);
			name = Products;
			sourceTree = "<group>";
		};
		D00ED46528006EAA0068CBB3 /* etcdWP */ = {
			isa = PBXGroup;
			children = (
				D0D468B0281EC697002D0849 /* Class */,
				D00ED46628006EAA0068CBB3 /* etcdWPApp.swift */,
				D00ED49D28006F900068CBB3 /* Info.plist */,
				D00ED46F28006EAB0068CBB3 /* etcdWP.entitlements */,
				D00ED46C28006EAB0068CBB3 /* Preview Content */,
			);
			path = etcdWP;
			sourceTree = "<group>";
		};
		D00ED46C28006EAB0068CBB3 /* Preview Content */ = {
			isa = PBXGroup;
			children = (
				D00ED46D28006EAB0068CBB3 /* Preview Assets.xcassets */,
			);
			path = "Preview Content";
			sourceTree = "<group>";
		};
		D00ED47728006EAC0068CBB3 /* etcdWPTests */ = {
			isa = PBXGroup;
			children = (
				D00ED47828006EAC0068CBB3 /* etcdWPTests.swift */,
			);
			path = etcdWPTests;
			sourceTree = "<group>";
		};
		D00ED48128006EAC0068CBB3 /* etcdWPUITests */ = {
			isa = PBXGroup;
			children = (
				D00ED48228006EAC0068CBB3 /* etcdWPUITests.swift */,
				D00ED48428006EAC0068CBB3 /* etcdWPUITestsLaunchTests.swift */,
			);
			path = etcdWPUITests;
			sourceTree = "<group>";
		};
		D0D46887281EC635002D0849 /* etcdWp-iOS */ = {
			isa = PBXGroup;
			children = (
				D0D46888281EC635002D0849 /* etcdWp_iOSApp.swift */,
				D0D4688A281EC635002D0849 /* ContentView.swift */,
				D0D4688C281EC637002D0849 /* Assets.xcassets */,
				D0D4688E281EC637002D0849 /* Preview Content */,
			);
			path = "etcdWp-iOS";
			sourceTree = "<group>";
		};
		D0D4688E281EC637002D0849 /* Preview Content */ = {
			isa = PBXGroup;
			children = (
				D0D4688F281EC637002D0849 /* Preview Assets.xcassets */,
			);
			path = "Preview Content";
			sourceTree = "<group>";
		};
		D0D46898281EC637002D0849 /* etcdWp-iOSTests */ = {
			isa = PBXGroup;
			children = (
				D0D46899281EC637002D0849 /* etcdWp_iOSTests.swift */,
			);
			path = "etcdWp-iOSTests";
			sourceTree = "<group>";
		};
		D0D468A2281EC637002D0849 /* etcdWp-iOSUITests */ = {
			isa = PBXGroup;
			children = (
				D0D468A3281EC637002D0849 /* etcdWp_iOSUITests.swift */,
				D0D468A5281EC637002D0849 /* etcdWp_iOSUITestsLaunchTests.swift */,
			);
			path = "etcdWp-iOSUITests";
			sourceTree = "<group>";
		};
		D0D468B0281EC697002D0849 /* Class */ = {
			isa = PBXGroup;
			children = (
				D0D468B1281EC697002D0849 /* FrameWork */,
				D0D468B3281EC697002D0849 /* Ventor */,
				D0D468B9281EC697002D0849 /* Resource */,
				D0D468C7281EC697002D0849 /* Pages */,
				D0D468F1281EC697002D0849 /* Utility */,
			);
			path = Class;
			sourceTree = "<group>";
		};
		D0D468B1281EC697002D0849 /* FrameWork */ = {
			isa = PBXGroup;
			children = (
				D0D468B2281EC697002D0849 /* MacosEtcd.framework */,
			);
			path = FrameWork;
			sourceTree = "<group>";
		};
		D0D468B3281EC697002D0849 /* Ventor */ = {
			isa = PBXGroup;
			children = (
				D0D468B4281EC697002D0849 /* STTextView */,
				D0D468B5281EC697002D0849 /* banner */,
			);
			path = Ventor;
			sourceTree = "<group>";
		};
		D0D468B4281EC697002D0849 /* STTextView */ = {
			isa = PBXGroup;
			children = (
			);
			path = STTextView;
			sourceTree = "<group>";
		};
		D0D468B5281EC697002D0849 /* banner */ = {
			isa = PBXGroup;
			children = (
				D0D468B6281EC697002D0849 /* Carousel.swift */,
				D0D468B7281EC697002D0849 /* CarouselItemlView.swift */,
				D0D468B8281EC697002D0849 /* CarouselView.swift */,
			);
			path = banner;
			sourceTree = "<group>";
		};
		D0D468B9281EC697002D0849 /* Resource */ = {
			isa = PBXGroup;
			children = (
				D0D468BA281EC697002D0849 /* internationalization */,
				D0D468C4281EC697002D0849 /* Assets.xcassets */,
				D0D468C5281EC697002D0849 /* Bundle */,
				D0D468C6281EC697002D0849 /* Lottie */,
			);
			path = Resource;
			sourceTree = "<group>";
		};
		D0D468BA281EC697002D0849 /* internationalization */ = {
			isa = PBXGroup;
			children = (
				D0D468BB281EC697002D0849 /* Localizable.strings */,
				D0D468BD281EC697002D0849 /* InfoPlist.strings */,
				D0D468BF281EC697002D0849 /* Localizable.stringsdict */,
			);
			path = internationalization;
			sourceTree = "<group>";
		};
		D0D468C5281EC697002D0849 /* Bundle */ = {
			isa = PBXGroup;
			children = (
			);
			path = Bundle;
			sourceTree = "<group>";
		};
		D0D468C6281EC697002D0849 /* Lottie */ = {
			isa = PBXGroup;
			children = (
			);
			path = Lottie;
			sourceTree = "<group>";
		};
		D0D468C7281EC697002D0849 /* Pages */ = {
			isa = PBXGroup;
			children = (
				D0D468C8281EC697002D0849 /* Home */,
				D0D468D4281EC697002D0849 /* KV */,
				D0D468E9281EC697002D0849 /* About */,
				D0D468EC281EC697002D0849 /* View */,
			);
			path = Pages;
			sourceTree = "<group>";
		};
		D0D468C8281EC697002D0849 /* Home */ = {
			isa = PBXGroup;
			children = (
				D0D468C9281EC697002D0849 /* ETCDConfigView.swift */,
				D0D468CA281EC697002D0849 /* ETCDHomeContentView.swift */,
				D0D468CB281EC697002D0849 /* ETCDHomeMainView.swift */,
				D0D468CC281EC697002D0849 /* Model */,
				D0D468D1281EC697002D0849 /* View */,
			);
			path = Home;
			sourceTree = "<group>";
		};
		D0D468CC281EC697002D0849 /* Model */ = {
			isa = PBXGroup;
			children = (
				D0D468CD281EC697002D0849 /* HomeViewModel.swift */,
				D0D468CE281EC697002D0849 /* ETCDUserDefaultsModel.swift */,
				D0D468CF281EC697002D0849 /* ETCDTabarModel.swift */,
				D0D468D0281EC697002D0849 /* ETCDConfigModel.swift */,
			);
			path = Model;
			sourceTree = "<group>";
		};
		D0D468D1281EC697002D0849 /* View */ = {
			isa = PBXGroup;
			children = (
				D0D468D2281EC697002D0849 /* CardItemView.swift */,
				D0D468D3281EC697002D0849 /* TopToastView.swift */,
			);
			path = View;
			sourceTree = "<group>";
		};
		D0D468D4281EC697002D0849 /* KV */ = {
			isa = PBXGroup;
			children = (
				D0D468D5281EC697002D0849 /* ETCDTabBarContentView.swift */,
				D0D468D6281EC697002D0849 /* EtcdOperation */,
				D0D468E1281EC697002D0849 /* ETCDTableViewRepresentableBootcamp.swift */,
				D0D468E2281EC697002D0849 /* ETCDKVSubContentView.swift */,
				D0D468E3281EC697002D0849 /* ETCDTableView.swift */,
				D0D468E4281EC697002D0849 /* Model */,
			);
			path = KV;
			sourceTree = "<group>";
		};
		D0D468D6281EC697002D0849 /* EtcdOperation */ = {
			isa = PBXGroup;
			children = (
				D0D468D7281EC697002D0849 /* ETCDEtcdOperationView.swift */,
				D0D468D8281EC697002D0849 /* sheetView */,
				D0D468E0281EC697002D0849 /* popVer */,
			);
			path = EtcdOperation;
			sourceTree = "<group>";
		};
		D0D468D8281EC697002D0849 /* sheetView */ = {
			isa = PBXGroup;
			children = (
				D0D468D9281EC697002D0849 /* ETCDKeyPrefixView.swift */,
				D0D468DA281EC697002D0849 /* ETCDRolesListView.swift */,
				D0D468DB281EC697002D0849 /* ETCDLeaseListView.swift */,
				D0D468DC281EC697002D0849 /* ETCDSheetView.swift */,
				D0D468DD281EC697002D0849 /* ETCDKeyValueActionsView.swift */,
				D0D468DE281EC697002D0849 /* ETCDUserListView.swift */,
				D0D468DF281EC697002D0849 /* NSTextView+.swift */,
			);
			path = sheetView;
			sourceTree = "<group>";
		};
		D0D468E0281EC697002D0849 /* popVer */ = {
			isa = PBXGroup;
			children = (
			);
			path = popVer;
			sourceTree = "<group>";
		};
		D0D468E4281EC697002D0849 /* Model */ = {
			isa = PBXGroup;
			children = (
				D0D468E5281EC697002D0849 /* ETCDRoleModel.swift */,
				D0D468E6281EC697002D0849 /* ETCDKVItemModel.swift */,
				D0D468E7281EC697002D0849 /* ETCDKeyValueModel.swift */,
				D0D468E8281EC697002D0849 /* ETCDLogsObject.swift */,
			);
			path = Model;
			sourceTree = "<group>";
		};
		D0D468E9281EC697002D0849 /* About */ = {
			isa = PBXGroup;
			children = (
				D0D468EA281EC697002D0849 /* AboutView.swift */,
				D0D468EB281EC697002D0849 /* AboutModel.swift */,
			);
			path = About;
			sourceTree = "<group>";
		};
		D0D468EC281EC697002D0849 /* View */ = {
			isa = PBXGroup;
			children = (
				D0D468ED281EC697002D0849 /* ETCDCheckBoxView.swift */,
				D0D468EE281EC697002D0849 /* Content.swift */,
				D0D468EF281EC697002D0849 /* ColorHex.swift */,
				D0D468F0281EC697002D0849 /* Button.swift */,
			);
			path = View;
			sourceTree = "<group>";
		};
		D0D468F1281EC697002D0849 /* Utility */ = {
			isa = PBXGroup;
			children = (
				D0D468F2281EC697002D0849 /* Netwrok */,
				D0D468F3281EC697002D0849 /* Extension */,
				D0D468F6281EC697002D0849 /* Common */,
			);
			path = Utility;
			sourceTree = "<group>";
		};
		D0D468F2281EC697002D0849 /* Netwrok */ = {
			isa = PBXGroup;
			children = (
			);
			path = Netwrok;
			sourceTree = "<group>";
		};
		D0D468F3281EC697002D0849 /* Extension */ = {
			isa = PBXGroup;
			children = (
				D0D468F4281EC697002D0849 /* LocalizedStringKey */,
			);
			path = Extension;
			sourceTree = "<group>";
		};
		D0D468F4281EC697002D0849 /* LocalizedStringKey */ = {
			isa = PBXGroup;
			children = (
				D0D468F5281EC697002D0849 /* LocalizedStringKey+.swift */,
			);
			path = LocalizedStringKey;
			sourceTree = "<group>";
		};
		D0D468F6281EC697002D0849 /* Common */ = {
			isa = PBXGroup;
			children = (
				D0D468F7281EC697002D0849 /* Constant.swift */,
				D0D468F8281EC697002D0849 /* OpenPan.swift */,
			);
			path = Common;
			sourceTree = "<group>";
		};
/* End PBXGroup section */

/* Begin PBXNativeTarget section */
		D00ED46228006EAA0068CBB3 /* etcdWP */ = {
			isa = PBXNativeTarget;
			buildConfigurationList = D00ED48828006EAC0068CBB3 /* Build configuration list for PBXNativeTarget "etcdWP" */;
			buildPhases = (
				D00ED45F28006EAA0068CBB3 /* Sources */,
				D00ED46028006EAA0068CBB3 /* Frameworks */,
				D00ED46128006EAA0068CBB3 /* Resources */,
			);
			buildRules = (
			);
			dependencies = (
			);
			name = etcdWP;
			packageProductDependencies = (
				D00ED49228006F350068CBB3 /* NavigationStack */,
				D00ED49528006F490068CBB3 /* PopupView */,
				D00ED49828006F600068CBB3 /* AxisTabView */,
				D00ED49B28006F6E0068CBB3 /* SwiftyJSON */,
				D07D78692802827500F72CF7 /* ObjectMapper */,
				5CDD9589280AA1180040BD53 /* FilePicker */,
				D079BE4F28143F36006B8619 /* SnapKit */,
			);
			productName = etcdWP;
			productReference = D00ED46328006EAA0068CBB3 /* etcdWP.app */;
			productType = "com.apple.product-type.application";
		};
		D00ED47328006EAC0068CBB3 /* etcdWPTests */ = {
			isa = PBXNativeTarget;
			buildConfigurationList = D00ED48B28006EAC0068CBB3 /* Build configuration list for PBXNativeTarget "etcdWPTests" */;
			buildPhases = (
				D00ED47028006EAC0068CBB3 /* Sources */,
				D00ED47128006EAC0068CBB3 /* Frameworks */,
				D00ED47228006EAC0068CBB3 /* Resources */,
			);
			buildRules = (
			);
			dependencies = (
				D00ED47628006EAC0068CBB3 /* PBXTargetDependency */,
			);
			name = etcdWPTests;
			productName = etcdWPTests;
			productReference = D00ED47428006EAC0068CBB3 /* etcdWPTests.xctest */;
			productType = "com.apple.product-type.bundle.unit-test";
		};
		D00ED47D28006EAC0068CBB3 /* etcdWPUITests */ = {
			isa = PBXNativeTarget;
			buildConfigurationList = D00ED48E28006EAC0068CBB3 /* Build configuration list for PBXNativeTarget "etcdWPUITests" */;
			buildPhases = (
				D00ED47A28006EAC0068CBB3 /* Sources */,
				D00ED47B28006EAC0068CBB3 /* Frameworks */,
				D00ED47C28006EAC0068CBB3 /* Resources */,
			);
			buildRules = (
			);
			dependencies = (
				D00ED48028006EAC0068CBB3 /* PBXTargetDependency */,
			);
			name = etcdWPUITests;
			productName = etcdWPUITests;
			productReference = D00ED47E28006EAC0068CBB3 /* etcdWPUITests.xctest */;
			productType = "com.apple.product-type.bundle.ui-testing";
		};
		D0D46885281EC635002D0849 /* etcdWp-iOS */ = {
			isa = PBXNativeTarget;
			buildConfigurationList = D0D468AD281EC637002D0849 /* Build configuration list for PBXNativeTarget "etcdWp-iOS" */;
			buildPhases = (
				D0D46882281EC635002D0849 /* Sources */,
				D0D46883281EC635002D0849 /* Frameworks */,
				D0D46884281EC635002D0849 /* Resources */,
			);
			buildRules = (
			);
			dependencies = (
			);
			name = "etcdWp-iOS";
			productName = "etcdWp-iOS";
			productReference = D0D46886281EC635002D0849 /* etcdWp-iOS.app */;
			productType = "com.apple.product-type.application";
		};
		D0D46894281EC637002D0849 /* etcdWp-iOSTests */ = {
			isa = PBXNativeTarget;
			buildConfigurationList = D0D468AE281EC637002D0849 /* Build configuration list for PBXNativeTarget "etcdWp-iOSTests" */;
			buildPhases = (
				D0D46891281EC637002D0849 /* Sources */,
				D0D46892281EC637002D0849 /* Frameworks */,
				D0D46893281EC637002D0849 /* Resources */,
			);
			buildRules = (
			);
			dependencies = (
				D0D46897281EC637002D0849 /* PBXTargetDependency */,
			);
			name = "etcdWp-iOSTests";
			productName = "etcdWp-iOSTests";
			productReference = D0D46895281EC637002D0849 /* etcdWp-iOSTests.xctest */;
			productType = "com.apple.product-type.bundle.unit-test";
		};
		D0D4689E281EC637002D0849 /* etcdWp-iOSUITests */ = {
			isa = PBXNativeTarget;
			buildConfigurationList = D0D468AF281EC637002D0849 /* Build configuration list for PBXNativeTarget "etcdWp-iOSUITests" */;
			buildPhases = (
				D0D4689B281EC637002D0849 /* Sources */,
				D0D4689C281EC637002D0849 /* Frameworks */,
				D0D4689D281EC637002D0849 /* Resources */,
			);
			buildRules = (
			);
			dependencies = (
				D0D468A1281EC637002D0849 /* PBXTargetDependency */,
			);
			name = "etcdWp-iOSUITests";
			productName = "etcdWp-iOSUITests";
			productReference = D0D4689F281EC637002D0849 /* etcdWp-iOSUITests.xctest */;
			productType = "com.apple.product-type.bundle.ui-testing";
		};
/* End PBXNativeTarget section */

/* Begin PBXProject section */
		D00ED45B28006EAA0068CBB3 /* Project object */ = {
			isa = PBXProject;
			attributes = {
				BuildIndependentTargetsInParallel = 1;
				CLASSPREFIX = ETCD;
				LastSwiftUpdateCheck = 1330;
				LastUpgradeCheck = 1330;
				TargetAttributes = {
					D00ED46228006EAA0068CBB3 = {
						CreatedOnToolsVersion = 13.3;
					};
					D00ED47328006EAC0068CBB3 = {
						CreatedOnToolsVersion = 13.3;
						TestTargetID = D00ED46228006EAA0068CBB3;
					};
					D00ED47D28006EAC0068CBB3 = {
						CreatedOnToolsVersion = 13.3;
						TestTargetID = D00ED46228006EAA0068CBB3;
					};
					D0D46885281EC635002D0849 = {
						CreatedOnToolsVersion = 13.3.1;
					};
					D0D46894281EC637002D0849 = {
						CreatedOnToolsVersion = 13.3.1;
						TestTargetID = D0D46885281EC635002D0849;
					};
					D0D4689E281EC637002D0849 = {
						CreatedOnToolsVersion = 13.3.1;
						TestTargetID = D0D46885281EC635002D0849;
					};
				};
			};
			buildConfigurationList = D00ED45E28006EAA0068CBB3 /* Build configuration list for PBXProject "etcdWP" */;
			compatibilityVersion = "Xcode 13.0";
			developmentRegion = en;
			hasScannedForEncodings = 0;
			knownRegions = (
				en,
				Base,
				"zh-Hans",
			);
			mainGroup = D00ED45A28006EAA0068CBB3;
			packageReferences = (
				D00ED49128006F350068CBB3 /* XCRemoteSwiftPackageReference "swiftui-navigation-stack" */,
				D00ED49428006F490068CBB3 /* XCRemoteSwiftPackageReference "PopupView" */,
				D00ED49728006F600068CBB3 /* XCRemoteSwiftPackageReference "AxisTabView" */,
				D00ED49A28006F6E0068CBB3 /* XCRemoteSwiftPackageReference "SwiftyJSON" */,
				D07D78682802827500F72CF7 /* XCRemoteSwiftPackageReference "ObjectMapper" */,
				5CDD9588280AA1180040BD53 /* XCRemoteSwiftPackageReference "FilePicker" */,
				5C38C223280BC394004C36C1 /* XCRemoteSwiftPackageReference "Alamofire" */,
				D079BE4E28143F36006B8619 /* XCRemoteSwiftPackageReference "SnapKit" */,
			);
			productRefGroup = D00ED46428006EAA0068CBB3 /* Products */;
			projectDirPath = "";
			projectRoot = "";
			targets = (
				D00ED46228006EAA0068CBB3 /* etcdWP */,
				D00ED47328006EAC0068CBB3 /* etcdWPTests */,
				D00ED47D28006EAC0068CBB3 /* etcdWPUITests */,
				D0D46885281EC635002D0849 /* etcdWp-iOS */,
				D0D46894281EC637002D0849 /* etcdWp-iOSTests */,
				D0D4689E281EC637002D0849 /* etcdWp-iOSUITests */,
			);
		};
/* End PBXProject section */

/* Begin PBXResourcesBuildPhase section */
		D00ED46128006EAA0068CBB3 /* Resources */ = {
			isa = PBXResourcesBuildPhase;
			buildActionMask = 2147483647;
			files = (
				D00ED46E28006EAB0068CBB3 /* Preview Assets.xcassets in Resources */,
				D0D46905281EC697002D0849 /* Localizable.stringsdict in Resources */,
				D0D46903281EC697002D0849 /* InfoPlist.strings in Resources */,
				D0D46901281EC697002D0849 /* Localizable.strings in Resources */,
				D0D46907281EC697002D0849 /* Assets.xcassets in Resources */,
			);
			runOnlyForDeploymentPostprocessing = 0;
		};
		D00ED47228006EAC0068CBB3 /* Resources */ = {
			isa = PBXResourcesBuildPhase;
			buildActionMask = 2147483647;
			files = (
			);
			runOnlyForDeploymentPostprocessing = 0;
		};
		D00ED47C28006EAC0068CBB3 /* Resources */ = {
			isa = PBXResourcesBuildPhase;
			buildActionMask = 2147483647;
			files = (
			);
			runOnlyForDeploymentPostprocessing = 0;
		};
		D0D46884281EC635002D0849 /* Resources */ = {
			isa = PBXResourcesBuildPhase;
			buildActionMask = 2147483647;
			files = (
				D0D46890281EC637002D0849 /* Preview Assets.xcassets in Resources */,
				D0D46904281EC697002D0849 /* InfoPlist.strings in Resources */,
				D0D46902281EC697002D0849 /* Localizable.strings in Resources */,
				D0D46906281EC697002D0849 /* Localizable.stringsdict in Resources */,
				D0D46908281EC697002D0849 /* Assets.xcassets in Resources */,
				D0D4688D281EC637002D0849 /* Assets.xcassets in Resources */,
			);
			runOnlyForDeploymentPostprocessing = 0;
		};
		D0D46893281EC637002D0849 /* Resources */ = {
			isa = PBXResourcesBuildPhase;
			buildActionMask = 2147483647;
			files = (
			);
			runOnlyForDeploymentPostprocessing = 0;
		};
		D0D4689D281EC637002D0849 /* Resources */ = {
			isa = PBXResourcesBuildPhase;
			buildActionMask = 2147483647;
			files = (
			);
			runOnlyForDeploymentPostprocessing = 0;
		};
/* End PBXResourcesBuildPhase section */

/* Begin PBXSourcesBuildPhase section */
		D00ED45F28006EAA0068CBB3 /* Sources */ = {
			isa = PBXSourcesBuildPhase;
			buildActionMask = 2147483647;
			files = (
				D0D46945281EC697002D0849 /* Button.swift in Sources */,
				D0D4691D281EC697002D0849 /* ETCDEtcdOperationView.swift in Sources */,
				D0D46935281EC697002D0849 /* ETCDKVItemModel.swift in Sources */,
				D0D46921281EC697002D0849 /* ETCDRolesListView.swift in Sources */,
				D0D46927281EC697002D0849 /* ETCDKeyValueActionsView.swift in Sources */,
				D0D46949281EC697002D0849 /* Constant.swift in Sources */,
				D0D4693B281EC697002D0849 /* AboutView.swift in Sources */,
				D0D46929281EC697002D0849 /* ETCDUserListView.swift in Sources */,
				D0D4690D281EC697002D0849 /* ETCDHomeMainView.swift in Sources */,
				D0D46923281EC697002D0849 /* ETCDLeaseListView.swift in Sources */,
				D0D4692B281EC697002D0849 /* NSTextView+.swift in Sources */,
				D0D468FD281EC697002D0849 /* CarouselItemlView.swift in Sources */,
				D0D46913281EC697002D0849 /* ETCDTabarModel.swift in Sources */,
				D0D46943281EC697002D0849 /* ColorHex.swift in Sources */,
				D0D46933281EC697002D0849 /* ETCDRoleModel.swift in Sources */,
				D0D4691F281EC697002D0849 /* ETCDKeyPrefixView.swift in Sources */,
				D0D4693D281EC697002D0849 /* AboutModel.swift in Sources */,
				D0D46941281EC697002D0849 /* Content.swift in Sources */,
				D0D4690B281EC697002D0849 /* ETCDHomeContentView.swift in Sources */,
				D0D46919281EC697002D0849 /* TopToastView.swift in Sources */,
				D0D4692D281EC697002D0849 /* ETCDTableViewRepresentableBootcamp.swift in Sources */,
				D0D46915281EC697002D0849 /* ETCDConfigModel.swift in Sources */,
				D0D46939281EC697002D0849 /* ETCDLogsObject.swift in Sources */,
				D0D4693F281EC697002D0849 /* ETCDCheckBoxView.swift in Sources */,
				D0D46917281EC697002D0849 /* CardItemView.swift in Sources */,
				D0D46931281EC697002D0849 /* ETCDTableView.swift in Sources */,
				D0D4690F281EC697002D0849 /* HomeViewModel.swift in Sources */,
				D0D46947281EC697002D0849 /* LocalizedStringKey+.swift in Sources */,
				D0D46925281EC697002D0849 /* ETCDSheetView.swift in Sources */,
				D0D4694B281EC697002D0849 /* OpenPan.swift in Sources */,
				D00ED46728006EAA0068CBB3 /* etcdWPApp.swift in Sources */,
				D0D46909281EC697002D0849 /* ETCDConfigView.swift in Sources */,
				D0D46911281EC697002D0849 /* ETCDUserDefaultsModel.swift in Sources */,
				D0D468FF281EC697002D0849 /* CarouselView.swift in Sources */,
				D0D4691B281EC697002D0849 /* ETCDTabBarContentView.swift in Sources */,
				D0D46937281EC697002D0849 /* ETCDKeyValueModel.swift in Sources */,
				D0D4692F281EC697002D0849 /* ETCDKVSubContentView.swift in Sources */,
				D0D468FB281EC697002D0849 /* Carousel.swift in Sources */,
			);
			runOnlyForDeploymentPostprocessing = 0;
		};
		D00ED47028006EAC0068CBB3 /* Sources */ = {
			isa = PBXSourcesBuildPhase;
			buildActionMask = 2147483647;
			files = (
				D00ED47928006EAC0068CBB3 /* etcdWPTests.swift in Sources */,
			);
			runOnlyForDeploymentPostprocessing = 0;
		};
		D00ED47A28006EAC0068CBB3 /* Sources */ = {
			isa = PBXSourcesBuildPhase;
			buildActionMask = 2147483647;
			files = (
				D00ED48328006EAC0068CBB3 /* etcdWPUITests.swift in Sources */,
				D00ED48528006EAC0068CBB3 /* etcdWPUITestsLaunchTests.swift in Sources */,
			);
			runOnlyForDeploymentPostprocessing = 0;
		};
		D0D46882281EC635002D0849 /* Sources */ = {
			isa = PBXSourcesBuildPhase;
			buildActionMask = 2147483647;
			files = (
				D0D4691A281EC697002D0849 /* TopToastView.swift in Sources */,
				D0D4693C281EC697002D0849 /* AboutView.swift in Sources */,
				D0D46938281EC697002D0849 /* ETCDKeyValueModel.swift in Sources */,
				D0D46936281EC697002D0849 /* ETCDKVItemModel.swift in Sources */,
				D0D4693A281EC697002D0849 /* ETCDLogsObject.swift in Sources */,
				D0D46900281EC697002D0849 /* CarouselView.swift in Sources */,
				D0D46922281EC697002D0849 /* ETCDRolesListView.swift in Sources */,
				D0D46946281EC697002D0849 /* Button.swift in Sources */,
				D0D4691E281EC697002D0849 /* ETCDEtcdOperationView.swift in Sources */,
				D0D46934281EC697002D0849 /* ETCDRoleModel.swift in Sources */,
				D0D46940281EC697002D0849 /* ETCDCheckBoxView.swift in Sources */,
				D0D46928281EC697002D0849 /* ETCDKeyValueActionsView.swift in Sources */,
				D0D4692A281EC697002D0849 /* ETCDUserListView.swift in Sources */,
				D0D46910281EC697002D0849 /* HomeViewModel.swift in Sources */,
				D0D46932281EC697002D0849 /* ETCDTableView.swift in Sources */,
				D0D468FC281EC697002D0849 /* Carousel.swift in Sources */,
				D0D46942281EC697002D0849 /* Content.swift in Sources */,
				D0D4691C281EC697002D0849 /* ETCDTabBarContentView.swift in Sources */,
				D0D46920281EC697002D0849 /* ETCDKeyPrefixView.swift in Sources */,
				D0D4690E281EC697002D0849 /* ETCDHomeMainView.swift in Sources */,
				D0D46918281EC697002D0849 /* CardItemView.swift in Sources */,
				D0D4690A281EC697002D0849 /* ETCDConfigView.swift in Sources */,
				D0D4688B281EC635002D0849 /* ContentView.swift in Sources */,
				D0D4690C281EC697002D0849 /* ETCDHomeContentView.swift in Sources */,
				D0D468FE281EC697002D0849 /* CarouselItemlView.swift in Sources */,
				D0D46930281EC697002D0849 /* ETCDKVSubContentView.swift in Sources */,
				D0D4693E281EC697002D0849 /* AboutModel.swift in Sources */,
				D0D4694A281EC697002D0849 /* Constant.swift in Sources */,
				D0D46944281EC697002D0849 /* ColorHex.swift in Sources */,
				D0D46912281EC697002D0849 /* ETCDUserDefaultsModel.swift in Sources */,
				D0D4694C281EC697002D0849 /* OpenPan.swift in Sources */,
				D0D46914281EC697002D0849 /* ETCDTabarModel.swift in Sources */,
				D0D46889281EC635002D0849 /* etcdWp_iOSApp.swift in Sources */,
				D0D4692C281EC697002D0849 /* NSTextView+.swift in Sources */,
				D0D46924281EC697002D0849 /* ETCDLeaseListView.swift in Sources */,
				D0D46948281EC697002D0849 /* LocalizedStringKey+.swift in Sources */,
				D0D46926281EC697002D0849 /* ETCDSheetView.swift in Sources */,
				D0D46916281EC697002D0849 /* ETCDConfigModel.swift in Sources */,
				D0D4692E281EC697002D0849 /* ETCDTableViewRepresentableBootcamp.swift in Sources */,
			);
			runOnlyForDeploymentPostprocessing = 0;
		};
		D0D46891281EC637002D0849 /* Sources */ = {
			isa = PBXSourcesBuildPhase;
			buildActionMask = 2147483647;
			files = (
				D0D4689A281EC637002D0849 /* etcdWp_iOSTests.swift in Sources */,
			);
			runOnlyForDeploymentPostprocessing = 0;
		};
		D0D4689B281EC637002D0849 /* Sources */ = {
			isa = PBXSourcesBuildPhase;
			buildActionMask = 2147483647;
			files = (
				D0D468A4281EC637002D0849 /* etcdWp_iOSUITests.swift in Sources */,
				D0D468A6281EC637002D0849 /* etcdWp_iOSUITestsLaunchTests.swift in Sources */,
			);
			runOnlyForDeploymentPostprocessing = 0;
		};
/* End PBXSourcesBuildPhase section */

/* Begin PBXTargetDependency section */
		D00ED47628006EAC0068CBB3 /* PBXTargetDependency */ = {
			isa = PBXTargetDependency;
			target = D00ED46228006EAA0068CBB3 /* etcdWP */;
			targetProxy = D00ED47528006EAC0068CBB3 /* PBXContainerItemProxy */;
		};
		D00ED48028006EAC0068CBB3 /* PBXTargetDependency */ = {
			isa = PBXTargetDependency;
			target = D00ED46228006EAA0068CBB3 /* etcdWP */;
			targetProxy = D00ED47F28006EAC0068CBB3 /* PBXContainerItemProxy */;
		};
		D0D46897281EC637002D0849 /* PBXTargetDependency */ = {
			isa = PBXTargetDependency;
			target = D0D46885281EC635002D0849 /* etcdWp-iOS */;
			targetProxy = D0D46896281EC637002D0849 /* PBXContainerItemProxy */;
		};
		D0D468A1281EC637002D0849 /* PBXTargetDependency */ = {
			isa = PBXTargetDependency;
			target = D0D46885281EC635002D0849 /* etcdWp-iOS */;
			targetProxy = D0D468A0281EC637002D0849 /* PBXContainerItemProxy */;
		};
/* End PBXTargetDependency section */

/* Begin PBXVariantGroup section */
		D0D468BB281EC697002D0849 /* Localizable.strings */ = {
			isa = PBXVariantGroup;
			children = (
				D0D468BC281EC697002D0849 /* zh-Hans */,
				D0D468C1281EC697002D0849 /* en */,
			);
			name = Localizable.strings;
			sourceTree = "<group>";
		};
		D0D468BD281EC697002D0849 /* InfoPlist.strings */ = {
			isa = PBXVariantGroup;
			children = (
				D0D468BE281EC697002D0849 /* zh-Hans */,
				D0D468C2281EC697002D0849 /* en */,
			);
			name = InfoPlist.strings;
			sourceTree = "<group>";
		};
		D0D468BF281EC697002D0849 /* Localizable.stringsdict */ = {
			isa = PBXVariantGroup;
			children = (
				D0D468C0281EC697002D0849 /* zh-Hans */,
				D0D468C3281EC697002D0849 /* en */,
			);
			name = Localizable.stringsdict;
			sourceTree = "<group>";
		};
/* End PBXVariantGroup section */

/* Begin XCBuildConfiguration section */
		D00ED48628006EAC0068CBB3 /* Debug */ = {
			isa = XCBuildConfiguration;
			buildSettings = {
				ALWAYS_SEARCH_USER_PATHS = NO;
				CLANG_ANALYZER_NONNULL = YES;
				CLANG_ANALYZER_NUMBER_OBJECT_CONVERSION = YES_AGGRESSIVE;
				CLANG_CXX_LANGUAGE_STANDARD = "gnu++17";
				CLANG_ENABLE_MODULES = YES;
				CLANG_ENABLE_OBJC_ARC = YES;
				CLANG_ENABLE_OBJC_WEAK = YES;
				CLANG_WARN_BLOCK_CAPTURE_AUTORELEASING = YES;
				CLANG_WARN_BOOL_CONVERSION = YES;
				CLANG_WARN_COMMA = YES;
				CLANG_WARN_CONSTANT_CONVERSION = YES;
				CLANG_WARN_DEPRECATED_OBJC_IMPLEMENTATIONS = YES;
				CLANG_WARN_DIRECT_OBJC_ISA_USAGE = YES_ERROR;
				CLANG_WARN_DOCUMENTATION_COMMENTS = YES;
				CLANG_WARN_EMPTY_BODY = YES;
				CLANG_WARN_ENUM_CONVERSION = YES;
				CLANG_WARN_INFINITE_RECURSION = YES;
				CLANG_WARN_INT_CONVERSION = YES;
				CLANG_WARN_NON_LITERAL_NULL_CONVERSION = YES;
				CLANG_WARN_OBJC_IMPLICIT_RETAIN_SELF = YES;
				CLANG_WARN_OBJC_LITERAL_CONVERSION = YES;
				CLANG_WARN_OBJC_ROOT_CLASS = YES_ERROR;
				CLANG_WARN_QUOTED_INCLUDE_IN_FRAMEWORK_HEADER = YES;
				CLANG_WARN_RANGE_LOOP_ANALYSIS = YES;
				CLANG_WARN_STRICT_PROTOTYPES = YES;
				CLANG_WARN_SUSPICIOUS_MOVE = YES;
				CLANG_WARN_UNGUARDED_AVAILABILITY = YES_AGGRESSIVE;
				CLANG_WARN_UNREACHABLE_CODE = YES;
				CLANG_WARN__DUPLICATE_METHOD_MATCH = YES;
				COPY_PHASE_STRIP = NO;
				DEBUG_INFORMATION_FORMAT = dwarf;
				ENABLE_STRICT_OBJC_MSGSEND = YES;
				ENABLE_TESTABILITY = YES;
				GCC_C_LANGUAGE_STANDARD = gnu11;
				GCC_DYNAMIC_NO_PIC = NO;
				GCC_NO_COMMON_BLOCKS = YES;
				GCC_OPTIMIZATION_LEVEL = 0;
				GCC_PREPROCESSOR_DEFINITIONS = (
					"DEBUG=1",
					"$(inherited)",
				);
				GCC_WARN_64_TO_32_BIT_CONVERSION = YES;
				GCC_WARN_ABOUT_RETURN_TYPE = YES_ERROR;
				GCC_WARN_UNDECLARED_SELECTOR = YES;
				GCC_WARN_UNINITIALIZED_AUTOS = YES_AGGRESSIVE;
				GCC_WARN_UNUSED_FUNCTION = YES;
				GCC_WARN_UNUSED_VARIABLE = YES;
				MACOSX_DEPLOYMENT_TARGET = 11.0;
				MTL_ENABLE_DEBUG_INFO = INCLUDE_SOURCE;
				MTL_FAST_MATH = YES;
				ONLY_ACTIVE_ARCH = YES;
				SDKROOT = macosx;
				SWIFT_ACTIVE_COMPILATION_CONDITIONS = DEBUG;
				SWIFT_OPTIMIZATION_LEVEL = "-Onone";
			};
			name = Debug;
		};
		D00ED48728006EAC0068CBB3 /* Release */ = {
			isa = XCBuildConfiguration;
			buildSettings = {
				ALWAYS_SEARCH_USER_PATHS = NO;
				CLANG_ANALYZER_NONNULL = YES;
				CLANG_ANALYZER_NUMBER_OBJECT_CONVERSION = YES_AGGRESSIVE;
				CLANG_CXX_LANGUAGE_STANDARD = "gnu++17";
				CLANG_ENABLE_MODULES = YES;
				CLANG_ENABLE_OBJC_ARC = YES;
				CLANG_ENABLE_OBJC_WEAK = YES;
				CLANG_WARN_BLOCK_CAPTURE_AUTORELEASING = YES;
				CLANG_WARN_BOOL_CONVERSION = YES;
				CLANG_WARN_COMMA = YES;
				CLANG_WARN_CONSTANT_CONVERSION = YES;
				CLANG_WARN_DEPRECATED_OBJC_IMPLEMENTATIONS = YES;
				CLANG_WARN_DIRECT_OBJC_ISA_USAGE = YES_ERROR;
				CLANG_WARN_DOCUMENTATION_COMMENTS = YES;
				CLANG_WARN_EMPTY_BODY = YES;
				CLANG_WARN_ENUM_CONVERSION = YES;
				CLANG_WARN_INFINITE_RECURSION = YES;
				CLANG_WARN_INT_CONVERSION = YES;
				CLANG_WARN_NON_LITERAL_NULL_CONVERSION = YES;
				CLANG_WARN_OBJC_IMPLICIT_RETAIN_SELF = YES;
				CLANG_WARN_OBJC_LITERAL_CONVERSION = YES;
				CLANG_WARN_OBJC_ROOT_CLASS = YES_ERROR;
				CLANG_WARN_QUOTED_INCLUDE_IN_FRAMEWORK_HEADER = YES;
				CLANG_WARN_RANGE_LOOP_ANALYSIS = YES;
				CLANG_WARN_STRICT_PROTOTYPES = YES;
				CLANG_WARN_SUSPICIOUS_MOVE = YES;
				CLANG_WARN_UNGUARDED_AVAILABILITY = YES_AGGRESSIVE;
				CLANG_WARN_UNREACHABLE_CODE = YES;
				CLANG_WARN__DUPLICATE_METHOD_MATCH = YES;
				COPY_PHASE_STRIP = NO;
				DEBUG_INFORMATION_FORMAT = "dwarf-with-dsym";
				ENABLE_NS_ASSERTIONS = NO;
				ENABLE_STRICT_OBJC_MSGSEND = YES;
				GCC_C_LANGUAGE_STANDARD = gnu11;
				GCC_NO_COMMON_BLOCKS = YES;
				GCC_WARN_64_TO_32_BIT_CONVERSION = YES;
				GCC_WARN_ABOUT_RETURN_TYPE = YES_ERROR;
				GCC_WARN_UNDECLARED_SELECTOR = YES;
				GCC_WARN_UNINITIALIZED_AUTOS = YES_AGGRESSIVE;
				GCC_WARN_UNUSED_FUNCTION = YES;
				GCC_WARN_UNUSED_VARIABLE = YES;
				MACOSX_DEPLOYMENT_TARGET = 11.0;
				MTL_ENABLE_DEBUG_INFO = NO;
				MTL_FAST_MATH = YES;
				SDKROOT = macosx;
				SWIFT_COMPILATION_MODE = wholemodule;
				SWIFT_OPTIMIZATION_LEVEL = "-O";
			};
			name = Release;
		};
		D00ED48928006EAC0068CBB3 /* Debug */ = {
			isa = XCBuildConfiguration;
			buildSettings = {
				ASSETCATALOG_COMPILER_APPICON_NAME = AppIcon;
				ASSETCATALOG_COMPILER_GLOBAL_ACCENT_COLOR_NAME = AccentColor;
				CODE_SIGN_ENTITLEMENTS = etcdWP/etcdWP.entitlements;
				CODE_SIGN_STYLE = Automatic;
				COMBINE_HIDPI_IMAGES = YES;
				CURRENT_PROJECT_VERSION = 9;
				DEVELOPMENT_ASSET_PATHS = "\"etcdWP/Preview Content\"";
				DEVELOPMENT_TEAM = 93C2552H5C;
				ENABLE_HARDENED_RUNTIME = YES;
				ENABLE_PREVIEWS = YES;
				FRAMEWORK_SEARCH_PATHS = (
					"$(inherited)",
					"$(PROJECT_DIR)/etcdWP/frameWork",
					"$(PROJECT_DIR)/etcdWP/Class/frameWork",
					"$(PROJECT_DIR)/etcdWP/Class/FrameWork",
				);
				GENERATE_INFOPLIST_FILE = YES;
				INFOPLIST_FILE = etcdWP/Info.plist;
				INFOPLIST_KEY_LSApplicationCategoryType = "public.app-category.developer-tools";
				INFOPLIST_KEY_NSHumanReadableCopyright = "";
				LD_RUNPATH_SEARCH_PATHS = (
					"$(inherited)",
					"@executable_path/../Frameworks",
				);
				MACOSX_DEPLOYMENT_TARGET = 11.0;
				MARKETING_VERSION = 1.0.5;
				PRODUCT_BUNDLE_IDENTIFIER = com.etcdwp.app;
				PRODUCT_NAME = "$(TARGET_NAME)";
				SWIFT_EMIT_LOC_STRINGS = YES;
				SWIFT_VERSION = 5.0;
			};
			name = Debug;
		};
		D00ED48A28006EAC0068CBB3 /* Release */ = {
			isa = XCBuildConfiguration;
			buildSettings = {
				ASSETCATALOG_COMPILER_APPICON_NAME = AppIcon;
				ASSETCATALOG_COMPILER_GLOBAL_ACCENT_COLOR_NAME = AccentColor;
				CODE_SIGN_ENTITLEMENTS = etcdWP/etcdWP.entitlements;
				CODE_SIGN_STYLE = Automatic;
				COMBINE_HIDPI_IMAGES = YES;
				CURRENT_PROJECT_VERSION = 9;
				DEVELOPMENT_ASSET_PATHS = "\"etcdWP/Preview Content\"";
				DEVELOPMENT_TEAM = 93C2552H5C;
				ENABLE_HARDENED_RUNTIME = YES;
				ENABLE_PREVIEWS = YES;
				FRAMEWORK_SEARCH_PATHS = (
					"$(inherited)",
					"$(PROJECT_DIR)/etcdWP/frameWork",
					"$(PROJECT_DIR)/etcdWP/Class/frameWork",
					"$(PROJECT_DIR)/etcdWP/Class/FrameWork",
				);
				GENERATE_INFOPLIST_FILE = YES;
				INFOPLIST_FILE = etcdWP/Info.plist;
				INFOPLIST_KEY_LSApplicationCategoryType = "public.app-category.developer-tools";
				INFOPLIST_KEY_NSHumanReadableCopyright = "";
				LD_RUNPATH_SEARCH_PATHS = (
					"$(inherited)",
					"@executable_path/../Frameworks",
				);
				MACOSX_DEPLOYMENT_TARGET = 11.0;
				MARKETING_VERSION = 1.0.5;
				PRODUCT_BUNDLE_IDENTIFIER = com.etcdwp.app;
				PRODUCT_NAME = "$(TARGET_NAME)";
				SWIFT_EMIT_LOC_STRINGS = YES;
				SWIFT_VERSION = 5.0;
			};
			name = Release;
		};
		D00ED48C28006EAC0068CBB3 /* Debug */ = {
			isa = XCBuildConfiguration;
			buildSettings = {
				ALWAYS_EMBED_SWIFT_STANDARD_LIBRARIES = YES;
				BUNDLE_LOADER = "$(TEST_HOST)";
				CODE_SIGN_STYLE = Automatic;
				CURRENT_PROJECT_VERSION = 1;
				DEVELOPMENT_TEAM = 93C2552H5C;
				GENERATE_INFOPLIST_FILE = YES;
				MACOSX_DEPLOYMENT_TARGET = 12.0;
				MARKETING_VERSION = 1.0;
				PRODUCT_BUNDLE_IDENTIFIER = Study.etcdWPTests;
				PRODUCT_NAME = "$(TARGET_NAME)";
				SWIFT_EMIT_LOC_STRINGS = NO;
				SWIFT_VERSION = 5.0;
				TEST_HOST = "$(BUILT_PRODUCTS_DIR)/etcdWP.app/Contents/MacOS/etcdWP";
			};
			name = Debug;
		};
		D00ED48D28006EAC0068CBB3 /* Release */ = {
			isa = XCBuildConfiguration;
			buildSettings = {
				ALWAYS_EMBED_SWIFT_STANDARD_LIBRARIES = YES;
				BUNDLE_LOADER = "$(TEST_HOST)";
				CODE_SIGN_STYLE = Automatic;
				CURRENT_PROJECT_VERSION = 1;
				DEVELOPMENT_TEAM = 93C2552H5C;
				GENERATE_INFOPLIST_FILE = YES;
				MACOSX_DEPLOYMENT_TARGET = 12.0;
				MARKETING_VERSION = 1.0;
				PRODUCT_BUNDLE_IDENTIFIER = Study.etcdWPTests;
				PRODUCT_NAME = "$(TARGET_NAME)";
				SWIFT_EMIT_LOC_STRINGS = NO;
				SWIFT_VERSION = 5.0;
				TEST_HOST = "$(BUILT_PRODUCTS_DIR)/etcdWP.app/Contents/MacOS/etcdWP";
			};
			name = Release;
		};
		D00ED48F28006EAC0068CBB3 /* Debug */ = {
			isa = XCBuildConfiguration;
			buildSettings = {
				ALWAYS_EMBED_SWIFT_STANDARD_LIBRARIES = YES;
				CODE_SIGN_STYLE = Automatic;
				CURRENT_PROJECT_VERSION = 1;
				DEVELOPMENT_TEAM = 93C2552H5C;
				GENERATE_INFOPLIST_FILE = YES;
				MARKETING_VERSION = 1.0;
				PRODUCT_BUNDLE_IDENTIFIER = Study.etcdWPUITests;
				PRODUCT_NAME = "$(TARGET_NAME)";
				SWIFT_EMIT_LOC_STRINGS = NO;
				SWIFT_VERSION = 5.0;
				TEST_TARGET_NAME = etcdWP;
			};
			name = Debug;
		};
		D00ED49028006EAC0068CBB3 /* Release */ = {
			isa = XCBuildConfiguration;
			buildSettings = {
				ALWAYS_EMBED_SWIFT_STANDARD_LIBRARIES = YES;
				CODE_SIGN_STYLE = Automatic;
				CURRENT_PROJECT_VERSION = 1;
				DEVELOPMENT_TEAM = 93C2552H5C;
				GENERATE_INFOPLIST_FILE = YES;
				MARKETING_VERSION = 1.0;
				PRODUCT_BUNDLE_IDENTIFIER = Study.etcdWPUITests;
				PRODUCT_NAME = "$(TARGET_NAME)";
				SWIFT_EMIT_LOC_STRINGS = NO;
				SWIFT_VERSION = 5.0;
				TEST_TARGET_NAME = etcdWP;
			};
			name = Release;
		};
		D0D468A7281EC637002D0849 /* Debug */ = {
			isa = XCBuildConfiguration;
			buildSettings = {
				ASSETCATALOG_COMPILER_APPICON_NAME = AppIcon;
				ASSETCATALOG_COMPILER_GLOBAL_ACCENT_COLOR_NAME = AccentColor;
				CODE_SIGN_STYLE = Automatic;
				CURRENT_PROJECT_VERSION = 1;
				DEVELOPMENT_ASSET_PATHS = "\"etcdWp-iOS/Preview Content\"";
				DEVELOPMENT_TEAM = 93C2552H5C;
				ENABLE_PREVIEWS = YES;
				FRAMEWORK_SEARCH_PATHS = (
					"$(inherited)",
					"$(PROJECT_DIR)/etcdWP/Class/FrameWork",
				);
				GENERATE_INFOPLIST_FILE = YES;
				INFOPLIST_KEY_UIApplicationSceneManifest_Generation = YES;
				INFOPLIST_KEY_UIApplicationSupportsIndirectInputEvents = YES;
				INFOPLIST_KEY_UILaunchScreen_Generation = YES;
				INFOPLIST_KEY_UISupportedInterfaceOrientations_iPad = "UIInterfaceOrientationPortrait UIInterfaceOrientationPortraitUpsideDown UIInterfaceOrientationLandscapeLeft UIInterfaceOrientationLandscapeRight";
				INFOPLIST_KEY_UISupportedInterfaceOrientations_iPhone = "UIInterfaceOrientationPortrait UIInterfaceOrientationLandscapeLeft UIInterfaceOrientationLandscapeRight";
				IPHONEOS_DEPLOYMENT_TARGET = 15.4;
				LD_RUNPATH_SEARCH_PATHS = (
					"$(inherited)",
					"@executable_path/Frameworks",
				);
				MARKETING_VERSION = 1.0;
				PRODUCT_BUNDLE_IDENTIFIER = "Study.etcdWp-iOS";
				PRODUCT_NAME = "$(TARGET_NAME)";
				SDKROOT = iphoneos;
				SWIFT_EMIT_LOC_STRINGS = YES;
				SWIFT_VERSION = 5.0;
				TARGETED_DEVICE_FAMILY = "1,2";
			};
			name = Debug;
		};
		D0D468A8281EC637002D0849 /* Release */ = {
			isa = XCBuildConfiguration;
			buildSettings = {
				ASSETCATALOG_COMPILER_APPICON_NAME = AppIcon;
				ASSETCATALOG_COMPILER_GLOBAL_ACCENT_COLOR_NAME = AccentColor;
				CODE_SIGN_STYLE = Automatic;
				CURRENT_PROJECT_VERSION = 1;
				DEVELOPMENT_ASSET_PATHS = "\"etcdWp-iOS/Preview Content\"";
				DEVELOPMENT_TEAM = 93C2552H5C;
				ENABLE_PREVIEWS = YES;
				FRAMEWORK_SEARCH_PATHS = (
					"$(inherited)",
					"$(PROJECT_DIR)/etcdWP/Class/FrameWork",
				);
				GENERATE_INFOPLIST_FILE = YES;
				INFOPLIST_KEY_UIApplicationSceneManifest_Generation = YES;
				INFOPLIST_KEY_UIApplicationSupportsIndirectInputEvents = YES;
				INFOPLIST_KEY_UILaunchScreen_Generation = YES;
				INFOPLIST_KEY_UISupportedInterfaceOrientations_iPad = "UIInterfaceOrientationPortrait UIInterfaceOrientationPortraitUpsideDown UIInterfaceOrientationLandscapeLeft UIInterfaceOrientationLandscapeRight";
				INFOPLIST_KEY_UISupportedInterfaceOrientations_iPhone = "UIInterfaceOrientationPortrait UIInterfaceOrientationLandscapeLeft UIInterfaceOrientationLandscapeRight";
				IPHONEOS_DEPLOYMENT_TARGET = 15.4;
				LD_RUNPATH_SEARCH_PATHS = (
					"$(inherited)",
					"@executable_path/Frameworks",
				);
				MARKETING_VERSION = 1.0;
				PRODUCT_BUNDLE_IDENTIFIER = "Study.etcdWp-iOS";
				PRODUCT_NAME = "$(TARGET_NAME)";
				SDKROOT = iphoneos;
				SWIFT_EMIT_LOC_STRINGS = YES;
				SWIFT_VERSION = 5.0;
				TARGETED_DEVICE_FAMILY = "1,2";
				VALIDATE_PRODUCT = YES;
			};
			name = Release;
		};
		D0D468A9281EC637002D0849 /* Debug */ = {
			isa = XCBuildConfiguration;
			buildSettings = {
				ALWAYS_EMBED_SWIFT_STANDARD_LIBRARIES = YES;
				BUNDLE_LOADER = "$(TEST_HOST)";
				CODE_SIGN_STYLE = Automatic;
				CURRENT_PROJECT_VERSION = 1;
				DEVELOPMENT_TEAM = 93C2552H5C;
				GENERATE_INFOPLIST_FILE = YES;
				IPHONEOS_DEPLOYMENT_TARGET = 15.4;
				MARKETING_VERSION = 1.0;
				PRODUCT_BUNDLE_IDENTIFIER = "Study.etcdWp-iOSTests";
				PRODUCT_NAME = "$(TARGET_NAME)";
				SDKROOT = iphoneos;
				SWIFT_EMIT_LOC_STRINGS = NO;
				SWIFT_VERSION = 5.0;
				TARGETED_DEVICE_FAMILY = "1,2";
				TEST_HOST = "$(BUILT_PRODUCTS_DIR)/etcdWp-iOS.app/etcdWp-iOS";
			};
			name = Debug;
		};
		D0D468AA281EC637002D0849 /* Release */ = {
			isa = XCBuildConfiguration;
			buildSettings = {
				ALWAYS_EMBED_SWIFT_STANDARD_LIBRARIES = YES;
				BUNDLE_LOADER = "$(TEST_HOST)";
				CODE_SIGN_STYLE = Automatic;
				CURRENT_PROJECT_VERSION = 1;
				DEVELOPMENT_TEAM = 93C2552H5C;
				GENERATE_INFOPLIST_FILE = YES;
				IPHONEOS_DEPLOYMENT_TARGET = 15.4;
				MARKETING_VERSION = 1.0;
				PRODUCT_BUNDLE_IDENTIFIER = "Study.etcdWp-iOSTests";
				PRODUCT_NAME = "$(TARGET_NAME)";
				SDKROOT = iphoneos;
				SWIFT_EMIT_LOC_STRINGS = NO;
				SWIFT_VERSION = 5.0;
				TARGETED_DEVICE_FAMILY = "1,2";
				TEST_HOST = "$(BUILT_PRODUCTS_DIR)/etcdWp-iOS.app/etcdWp-iOS";
				VALIDATE_PRODUCT = YES;
			};
			name = Release;
		};
		D0D468AB281EC637002D0849 /* Debug */ = {
			isa = XCBuildConfiguration;
			buildSettings = {
				ALWAYS_EMBED_SWIFT_STANDARD_LIBRARIES = YES;
				CODE_SIGN_STYLE = Automatic;
				CURRENT_PROJECT_VERSION = 1;
				DEVELOPMENT_TEAM = 93C2552H5C;
				GENERATE_INFOPLIST_FILE = YES;
				IPHONEOS_DEPLOYMENT_TARGET = 15.4;
				MARKETING_VERSION = 1.0;
				PRODUCT_BUNDLE_IDENTIFIER = "Study.etcdWp-iOSUITests";
				PRODUCT_NAME = "$(TARGET_NAME)";
				SDKROOT = iphoneos;
				SWIFT_EMIT_LOC_STRINGS = NO;
				SWIFT_VERSION = 5.0;
				TARGETED_DEVICE_FAMILY = "1,2";
				TEST_TARGET_NAME = "etcdWp-iOS";
			};
			name = Debug;
		};
		D0D468AC281EC637002D0849 /* Release */ = {
			isa = XCBuildConfiguration;
			buildSettings = {
				ALWAYS_EMBED_SWIFT_STANDARD_LIBRARIES = YES;
				CODE_SIGN_STYLE = Automatic;
				CURRENT_PROJECT_VERSION = 1;
				DEVELOPMENT_TEAM = 93C2552H5C;
				GENERATE_INFOPLIST_FILE = YES;
				IPHONEOS_DEPLOYMENT_TARGET = 15.4;
				MARKETING_VERSION = 1.0;
				PRODUCT_BUNDLE_IDENTIFIER = "Study.etcdWp-iOSUITests";
				PRODUCT_NAME = "$(TARGET_NAME)";
				SDKROOT = iphoneos;
				SWIFT_EMIT_LOC_STRINGS = NO;
				SWIFT_VERSION = 5.0;
				TARGETED_DEVICE_FAMILY = "1,2";
				TEST_TARGET_NAME = "etcdWp-iOS";
				VALIDATE_PRODUCT = YES;
			};
			name = Release;
		};
/* End XCBuildConfiguration section */

/* Begin XCConfigurationList section */
		D00ED45E28006EAA0068CBB3 /* Build configuration list for PBXProject "etcdWP" */ = {
			isa = XCConfigurationList;
			buildConfigurations = (
				D00ED48628006EAC0068CBB3 /* Debug */,
				D00ED48728006EAC0068CBB3 /* Release */,
			);
			defaultConfigurationIsVisible = 0;
			defaultConfigurationName = Release;
		};
		D00ED48828006EAC0068CBB3 /* Build configuration list for PBXNativeTarget "etcdWP" */ = {
			isa = XCConfigurationList;
			buildConfigurations = (
				D00ED48928006EAC0068CBB3 /* Debug */,
				D00ED48A28006EAC0068CBB3 /* Release */,
			);
			defaultConfigurationIsVisible = 0;
			defaultConfigurationName = Release;
		};
		D00ED48B28006EAC0068CBB3 /* Build configuration list for PBXNativeTarget "etcdWPTests" */ = {
			isa = XCConfigurationList;
			buildConfigurations = (
				D00ED48C28006EAC0068CBB3 /* Debug */,
				D00ED48D28006EAC0068CBB3 /* Release */,
			);
			defaultConfigurationIsVisible = 0;
			defaultConfigurationName = Release;
		};
		D00ED48E28006EAC0068CBB3 /* Build configuration list for PBXNativeTarget "etcdWPUITests" */ = {
			isa = XCConfigurationList;
			buildConfigurations = (
				D00ED48F28006EAC0068CBB3 /* Debug */,
				D00ED49028006EAC0068CBB3 /* Release */,
			);
			defaultConfigurationIsVisible = 0;
			defaultConfigurationName = Release;
		};
		D0D468AD281EC637002D0849 /* Build configuration list for PBXNativeTarget "etcdWp-iOS" */ = {
			isa = XCConfigurationList;
			buildConfigurations = (
				D0D468A7281EC637002D0849 /* Debug */,
				D0D468A8281EC637002D0849 /* Release */,
			);
			defaultConfigurationIsVisible = 0;
			defaultConfigurationName = Release;
		};
		D0D468AE281EC637002D0849 /* Build configuration list for PBXNativeTarget "etcdWp-iOSTests" */ = {
			isa = XCConfigurationList;
			buildConfigurations = (
				D0D468A9281EC637002D0849 /* Debug */,
				D0D468AA281EC637002D0849 /* Release */,
			);
			defaultConfigurationIsVisible = 0;
			defaultConfigurationName = Release;
		};
		D0D468AF281EC637002D0849 /* Build configuration list for PBXNativeTarget "etcdWp-iOSUITests" */ = {
			isa = XCConfigurationList;
			buildConfigurations = (
				D0D468AB281EC637002D0849 /* Debug */,
				D0D468AC281EC637002D0849 /* Release */,
			);
			defaultConfigurationIsVisible = 0;
			defaultConfigurationName = Release;
		};
/* End XCConfigurationList section */

/* Begin XCRemoteSwiftPackageReference section */
		5C38C223280BC394004C36C1 /* XCRemoteSwiftPackageReference "Alamofire" */ = {
			isa = XCRemoteSwiftPackageReference;
			repositoryURL = "https://github.com/Alamofire/Alamofire";
			requirement = {
				kind = upToNextMajorVersion;
				minimumVersion = 5.0.0;
			};
		};
		5CDD9588280AA1180040BD53 /* XCRemoteSwiftPackageReference "FilePicker" */ = {
			isa = XCRemoteSwiftPackageReference;
			repositoryURL = "https://github.com/markrenaud/FilePicker";
			requirement = {
				kind = upToNextMajorVersion;
				minimumVersion = 1.0.0;
			};
		};
		D00ED49128006F350068CBB3 /* XCRemoteSwiftPackageReference "swiftui-navigation-stack" */ = {
			isa = XCRemoteSwiftPackageReference;
			repositoryURL = "https://github.com/matteopuc/swiftui-navigation-stack";
			requirement = {
				kind = exactVersion;
				version = 1.0.4;
			};
		};
		D00ED49428006F490068CBB3 /* XCRemoteSwiftPackageReference "PopupView" */ = {
			isa = XCRemoteSwiftPackageReference;
			repositoryURL = "https://github.com/exyte/PopupView.git";
			requirement = {
				kind = exactVersion;
				version = 1.0.7;
			};
		};
		D00ED49728006F600068CBB3 /* XCRemoteSwiftPackageReference "AxisTabView" */ = {
			isa = XCRemoteSwiftPackageReference;
			repositoryURL = "https://github.com/jasudev/AxisTabView";
			requirement = {
				kind = exactVersion;
				version = 0.5.1;
			};
		};
		D00ED49A28006F6E0068CBB3 /* XCRemoteSwiftPackageReference "SwiftyJSON" */ = {
			isa = XCRemoteSwiftPackageReference;
			repositoryURL = "https://github.com/SwiftyJSON/SwiftyJSON";
			requirement = {
				kind = exactVersion;
				version = 5.0.1;
			};
		};
		D079BE4E28143F36006B8619 /* XCRemoteSwiftPackageReference "SnapKit" */ = {
			isa = XCRemoteSwiftPackageReference;
			repositoryURL = "https://github.com/SnapKit/SnapKit.git";
			requirement = {
				kind = exactVersion;
				version = 5.6.0;
			};
		};
		D07D78682802827500F72CF7 /* XCRemoteSwiftPackageReference "ObjectMapper" */ = {
			isa = XCRemoteSwiftPackageReference;
			repositoryURL = "https://github.com/tristanhimmelman/ObjectMapper.git";
			requirement = {
				kind = exactVersion;
				version = 4.2.0;
			};
		};
/* End XCRemoteSwiftPackageReference section */

/* Begin XCSwiftPackageProductDependency section */
		5CDD9589280AA1180040BD53 /* FilePicker */ = {
			isa = XCSwiftPackageProductDependency;
			package = 5CDD9588280AA1180040BD53 /* XCRemoteSwiftPackageReference "FilePicker" */;
			productName = FilePicker;
		};
		D00ED49228006F350068CBB3 /* NavigationStack */ = {
			isa = XCSwiftPackageProductDependency;
			package = D00ED49128006F350068CBB3 /* XCRemoteSwiftPackageReference "swiftui-navigation-stack" */;
			productName = NavigationStack;
		};
		D00ED49528006F490068CBB3 /* PopupView */ = {
			isa = XCSwiftPackageProductDependency;
			package = D00ED49428006F490068CBB3 /* XCRemoteSwiftPackageReference "PopupView" */;
			productName = PopupView;
		};
		D00ED49828006F600068CBB3 /* AxisTabView */ = {
			isa = XCSwiftPackageProductDependency;
			package = D00ED49728006F600068CBB3 /* XCRemoteSwiftPackageReference "AxisTabView" */;
			productName = AxisTabView;
		};
		D00ED49B28006F6E0068CBB3 /* SwiftyJSON */ = {
			isa = XCSwiftPackageProductDependency;
			package = D00ED49A28006F6E0068CBB3 /* XCRemoteSwiftPackageReference "SwiftyJSON" */;
			productName = SwiftyJSON;
		};
		D079BE4F28143F36006B8619 /* SnapKit */ = {
			isa = XCSwiftPackageProductDependency;
			package = D079BE4E28143F36006B8619 /* XCRemoteSwiftPackageReference "SnapKit" */;
			productName = SnapKit;
		};
		D07D78692802827500F72CF7 /* ObjectMapper */ = {
			isa = XCSwiftPackageProductDependency;
			package = D07D78682802827500F72CF7 /* XCRemoteSwiftPackageReference "ObjectMapper" */;
			productName = ObjectMapper;
		};
/* End XCSwiftPackageProductDependency section */
	};
	rootObject = D00ED45B28006EAA0068CBB3 /* Project object */;
}
