// !$*UTF8*$!
{
	archiveVersion = 1;
	classes = {
	};
	objectVersion = 55;
	objects = {

/* Begin PBXBuildFile section */
		5CDD958A280AA1180040BD53 /* FilePicker in Frameworks */ = {isa = PBXBuildFile; productRef = 5CDD9589280AA1180040BD53 /* FilePicker */; };
		5CF34AA8281E9C9C0052379F /* MacosEtcd.framework in Frameworks */ = {isa = PBXBuildFile; fileRef = 5CF34AA7281E9C9C0052379F /* MacosEtcd.framework */; };
		D00ED46728006EAA0068CBB3 /* etcdWPApp.swift in Sources */ = {isa = PBXBuildFile; fileRef = D00ED46628006EAA0068CBB3 /* etcdWPApp.swift */; };
		D00ED46B28006EAB0068CBB3 /* Assets.xcassets in Resources */ = {isa = PBXBuildFile; fileRef = D00ED46A28006EAB0068CBB3 /* Assets.xcassets */; };
		D00ED46E28006EAB0068CBB3 /* Preview Assets.xcassets in Resources */ = {isa = PBXBuildFile; fileRef = D00ED46D28006EAB0068CBB3 /* Preview Assets.xcassets */; };
		D00ED47928006EAC0068CBB3 /* etcdWPTests.swift in Sources */ = {isa = PBXBuildFile; fileRef = D00ED47828006EAC0068CBB3 /* etcdWPTests.swift */; };
		D00ED48328006EAC0068CBB3 /* etcdWPUITests.swift in Sources */ = {isa = PBXBuildFile; fileRef = D00ED48228006EAC0068CBB3 /* etcdWPUITests.swift */; };
		D00ED48528006EAC0068CBB3 /* etcdWPUITestsLaunchTests.swift in Sources */ = {isa = PBXBuildFile; fileRef = D00ED48428006EAC0068CBB3 /* etcdWPUITestsLaunchTests.swift */; };
		D00ED49328006F350068CBB3 /* NavigationStack in Frameworks */ = {isa = PBXBuildFile; productRef = D00ED49228006F350068CBB3 /* NavigationStack */; };
		D00ED49628006F490068CBB3 /* PopupView in Frameworks */ = {isa = PBXBuildFile; productRef = D00ED49528006F490068CBB3 /* PopupView */; };
		D00ED49928006F600068CBB3 /* AxisTabView in Frameworks */ = {isa = PBXBuildFile; productRef = D00ED49828006F600068CBB3 /* AxisTabView */; };
		D00ED49C28006F6E0068CBB3 /* SwiftyJSON in Frameworks */ = {isa = PBXBuildFile; productRef = D00ED49B28006F6E0068CBB3 /* SwiftyJSON */; };
		D0305058281824DD00477D33 /* Carousel.swift in Sources */ = {isa = PBXBuildFile; fileRef = D030502C281824DC00477D33 /* Carousel.swift */; };
		D0305059281824DD00477D33 /* CarouselItemlView.swift in Sources */ = {isa = PBXBuildFile; fileRef = D030502D281824DC00477D33 /* CarouselItemlView.swift */; };
		D030505A281824DD00477D33 /* CarouselView.swift in Sources */ = {isa = PBXBuildFile; fileRef = D030502E281824DC00477D33 /* CarouselView.swift */; };
		D03050672818253800477D33 /* InfoPlist.strings in Resources */ = {isa = PBXBuildFile; fileRef = D03050692818253800477D33 /* InfoPlist.strings */; };
		D030506B2818253E00477D33 /* Localizable.strings in Resources */ = {isa = PBXBuildFile; fileRef = D030506D2818253E00477D33 /* Localizable.strings */; };
		D0305071281825E100477D33 /* Localizable.stringsdict in Resources */ = {isa = PBXBuildFile; fileRef = D0305073281825E100477D33 /* Localizable.stringsdict */; };
		D03050762818261C00477D33 /* LocalizedStringKey+.swift in Sources */ = {isa = PBXBuildFile; fileRef = D03050752818261C00477D33 /* LocalizedStringKey+.swift */; };
		D030509A281826F600477D33 /* ETCDTabBarContentView.swift in Sources */ = {isa = PBXBuildFile; fileRef = D0305078281826F500477D33 /* ETCDTabBarContentView.swift */; };
		D030509B281826F600477D33 /* ETCDTableViewRepresentableBootcamp.swift in Sources */ = {isa = PBXBuildFile; fileRef = D0305079281826F500477D33 /* ETCDTableViewRepresentableBootcamp.swift */; };
		D030509C281826F600477D33 /* ETCDKVSubContentView.swift in Sources */ = {isa = PBXBuildFile; fileRef = D030507A281826F500477D33 /* ETCDKVSubContentView.swift */; };
		D030509D281826F600477D33 /* ETCDTableView.swift in Sources */ = {isa = PBXBuildFile; fileRef = D030507B281826F500477D33 /* ETCDTableView.swift */; };
		D030509E281826F600477D33 /* ETCDSheetView.swift in Sources */ = {isa = PBXBuildFile; fileRef = D030507D281826F500477D33 /* ETCDSheetView.swift */; };
		D03050A0281826F600477D33 /* ETCDKeyValueModel.swift in Sources */ = {isa = PBXBuildFile; fileRef = D0305080281826F500477D33 /* ETCDKeyValueModel.swift */; };
		D03050A1281826F600477D33 /* ETCDKVItemModel.swift in Sources */ = {isa = PBXBuildFile; fileRef = D0305081281826F500477D33 /* ETCDKVItemModel.swift */; };
		D03050A2281826F600477D33 /* AboutView.swift in Sources */ = {isa = PBXBuildFile; fileRef = D0305083281826F500477D33 /* AboutView.swift */; };
		D03050A3281826F600477D33 /* AboutModel.swift in Sources */ = {isa = PBXBuildFile; fileRef = D0305084281826F500477D33 /* AboutModel.swift */; };
		D03050A6281826F600477D33 /* Content.swift in Sources */ = {isa = PBXBuildFile; fileRef = D030508A281826F500477D33 /* Content.swift */; };
		D03050A7281826F600477D33 /* ColorHex.swift in Sources */ = {isa = PBXBuildFile; fileRef = D030508B281826F500477D33 /* ColorHex.swift */; };
		D03050A8281826F600477D33 /* Button.swift in Sources */ = {isa = PBXBuildFile; fileRef = D030508C281826F500477D33 /* Button.swift */; };
		D03050A9281826F600477D33 /* ETCDConfigView.swift in Sources */ = {isa = PBXBuildFile; fileRef = D030508E281826F600477D33 /* ETCDConfigView.swift */; };
		D03050AA281826F600477D33 /* ETCDHomeContentView.swift in Sources */ = {isa = PBXBuildFile; fileRef = D030508F281826F600477D33 /* ETCDHomeContentView.swift */; };
		D03050AB281826F600477D33 /* ETCDHomeMainView.swift in Sources */ = {isa = PBXBuildFile; fileRef = D0305090281826F600477D33 /* ETCDHomeMainView.swift */; };
		D03050AC281826F600477D33 /* ETCDUserDefaultsModel.swift in Sources */ = {isa = PBXBuildFile; fileRef = D0305092281826F600477D33 /* ETCDUserDefaultsModel.swift */; };
		D03050AD281826F600477D33 /* ETCDTabarModel.swift in Sources */ = {isa = PBXBuildFile; fileRef = D0305093281826F600477D33 /* ETCDTabarModel.swift */; };
		D03050AE281826F600477D33 /* HomeViewModel.swift in Sources */ = {isa = PBXBuildFile; fileRef = D0305094281826F600477D33 /* HomeViewModel.swift */; };
		D03050B0281826F600477D33 /* ETCDConfigModel.swift in Sources */ = {isa = PBXBuildFile; fileRef = D0305096281826F600477D33 /* ETCDConfigModel.swift */; };
		D03050B1281826F600477D33 /* CardItemView.swift in Sources */ = {isa = PBXBuildFile; fileRef = D0305098281826F600477D33 /* CardItemView.swift */; };
		D03050B2281826F600477D33 /* TopToastView.swift in Sources */ = {isa = PBXBuildFile; fileRef = D0305099281826F600477D33 /* TopToastView.swift */; };
		D03050B62818271000477D33 /* Constant.swift in Sources */ = {isa = PBXBuildFile; fileRef = D03050B42818271000477D33 /* Constant.swift */; };
		D03050B72818271000477D33 /* OpenPan.swift in Sources */ = {isa = PBXBuildFile; fileRef = D03050B52818271000477D33 /* OpenPan.swift */; };
		D079BE5028143F36006B8619 /* SnapKit in Frameworks */ = {isa = PBXBuildFile; productRef = D079BE4F28143F36006B8619 /* SnapKit */; };
		D07D786A2802827500F72CF7 /* ObjectMapper in Frameworks */ = {isa = PBXBuildFile; productRef = D07D78692802827500F72CF7 /* ObjectMapper */; };
		D0BAF523281D57FE0062819B /* ETCDEtcdOperationView.swift in Sources */ = {isa = PBXBuildFile; fileRef = D0BAF522281D57FE0062819B /* ETCDEtcdOperationView.swift */; };
		D0BAF525281D594D0062819B /* ETCDKeyValueActionsView.swift in Sources */ = {isa = PBXBuildFile; fileRef = D0BAF524281D594D0062819B /* ETCDKeyValueActionsView.swift */; };
		D0BAF527281D762C0062819B /* ETCDRolesListView.swift in Sources */ = {isa = PBXBuildFile; fileRef = D0BAF526281D762C0062819B /* ETCDRolesListView.swift */; };
		D0BAF52B281D81110062819B /* ETCDUserListView.swift in Sources */ = {isa = PBXBuildFile; fileRef = D0BAF52A281D81110062819B /* ETCDUserListView.swift */; };
		D0D4687C281E9379002D0849 /* ETCDKeyPrefixView.swift in Sources */ = {isa = PBXBuildFile; fileRef = D0D4687B281E9379002D0849 /* ETCDKeyPrefixView.swift */; };
		D0E8A995281A26F50087B3B6 /* NSTextView+.swift in Sources */ = {isa = PBXBuildFile; fileRef = D0E8A994281A26F50087B3B6 /* NSTextView+.swift */; };
		D0EC35A9281BD4BB00F77078 /* ETCDLeaseListView.swift in Sources */ = {isa = PBXBuildFile; fileRef = D0EC35A8281BD4BB00F77078 /* ETCDLeaseListView.swift */; };
		D0EC35AB281BF51500F77078 /* ETCDLogsObject.swift in Sources */ = {isa = PBXBuildFile; fileRef = D0EC35AA281BF51500F77078 /* ETCDLogsObject.swift */; };
/* End PBXBuildFile section */

/* Begin PBXContainerItemProxy section */
		D00ED47528006EAC0068CBB3 /* PBXContainerItemProxy */ = {
			isa = PBXContainerItemProxy;
			containerPortal = D00ED45B28006EAA0068CBB3 /* Project object */;
			proxyType = 1;
			remoteGlobalIDString = D00ED46228006EAA0068CBB3;
			remoteInfo = etcdWP;
		};
		D00ED47F28006EAC0068CBB3 /* PBXContainerItemProxy */ = {
			isa = PBXContainerItemProxy;
			containerPortal = D00ED45B28006EAA0068CBB3 /* Project object */;
			proxyType = 1;
			remoteGlobalIDString = D00ED46228006EAA0068CBB3;
			remoteInfo = etcdWP;
		};
/* End PBXContainerItemProxy section */

/* Begin PBXFileReference section */
		5CF34AA7281E9C9C0052379F /* MacosEtcd.framework */ = {isa = PBXFileReference; lastKnownFileType = wrapper.framework; path = MacosEtcd.framework; sourceTree = "<group>"; };
		D00ED46328006EAA0068CBB3 /* etcdWP.app */ = {isa = PBXFileReference; explicitFileType = wrapper.application; includeInIndex = 0; path = etcdWP.app; sourceTree = BUILT_PRODUCTS_DIR; };
		D00ED46628006EAA0068CBB3 /* etcdWPApp.swift */ = {isa = PBXFileReference; lastKnownFileType = sourcecode.swift; path = etcdWPApp.swift; sourceTree = "<group>"; };
		D00ED46A28006EAB0068CBB3 /* Assets.xcassets */ = {isa = PBXFileReference; lastKnownFileType = folder.assetcatalog; path = Assets.xcassets; sourceTree = "<group>"; };
		D00ED46D28006EAB0068CBB3 /* Preview Assets.xcassets */ = {isa = PBXFileReference; lastKnownFileType = folder.assetcatalog; path = "Preview Assets.xcassets"; sourceTree = "<group>"; };
		D00ED46F28006EAB0068CBB3 /* etcdWP.entitlements */ = {isa = PBXFileReference; lastKnownFileType = text.plist.entitlements; path = etcdWP.entitlements; sourceTree = "<group>"; };
		D00ED47428006EAC0068CBB3 /* etcdWPTests.xctest */ = {isa = PBXFileReference; explicitFileType = wrapper.cfbundle; includeInIndex = 0; path = etcdWPTests.xctest; sourceTree = BUILT_PRODUCTS_DIR; };
		D00ED47828006EAC0068CBB3 /* etcdWPTests.swift */ = {isa = PBXFileReference; lastKnownFileType = sourcecode.swift; path = etcdWPTests.swift; sourceTree = "<group>"; };
		D00ED47E28006EAC0068CBB3 /* etcdWPUITests.xctest */ = {isa = PBXFileReference; explicitFileType = wrapper.cfbundle; includeInIndex = 0; path = etcdWPUITests.xctest; sourceTree = BUILT_PRODUCTS_DIR; };
		D00ED48228006EAC0068CBB3 /* etcdWPUITests.swift */ = {isa = PBXFileReference; lastKnownFileType = sourcecode.swift; path = etcdWPUITests.swift; sourceTree = "<group>"; };
		D00ED48428006EAC0068CBB3 /* etcdWPUITestsLaunchTests.swift */ = {isa = PBXFileReference; lastKnownFileType = sourcecode.swift; path = etcdWPUITestsLaunchTests.swift; sourceTree = "<group>"; };
		D00ED49D28006F900068CBB3 /* Info.plist */ = {isa = PBXFileReference; lastKnownFileType = text.plist.xml; path = Info.plist; sourceTree = "<group>"; };
		D030502C281824DC00477D33 /* Carousel.swift */ = {isa = PBXFileReference; fileEncoding = 4; lastKnownFileType = sourcecode.swift; path = Carousel.swift; sourceTree = "<group>"; };
		D030502D281824DC00477D33 /* CarouselItemlView.swift */ = {isa = PBXFileReference; fileEncoding = 4; lastKnownFileType = sourcecode.swift; path = CarouselItemlView.swift; sourceTree = "<group>"; };
		D030502E281824DC00477D33 /* CarouselView.swift */ = {isa = PBXFileReference; fileEncoding = 4; lastKnownFileType = sourcecode.swift; path = CarouselView.swift; sourceTree = "<group>"; };
		D03050682818253800477D33 /* en */ = {isa = PBXFileReference; lastKnownFileType = text.plist.strings; name = en; path = en.lproj/InfoPlist.strings; sourceTree = "<group>"; };
		D030506A2818253A00477D33 /* zh-Hans */ = {isa = PBXFileReference; lastKnownFileType = text.plist.strings; name = "zh-Hans"; path = "zh-Hans.lproj/InfoPlist.strings"; sourceTree = "<group>"; };
		D030506C2818253E00477D33 /* en */ = {isa = PBXFileReference; lastKnownFileType = text.plist.strings; name = en; path = en.lproj/Localizable.strings; sourceTree = "<group>"; };
		D030506E2818254000477D33 /* zh-Hans */ = {isa = PBXFileReference; lastKnownFileType = text.plist.strings; name = "zh-Hans"; path = "zh-Hans.lproj/Localizable.strings"; sourceTree = "<group>"; };
		D0305072281825E100477D33 /* en */ = {isa = PBXFileReference; lastKnownFileType = text.plist.stringsdict; name = en; path = en.lproj/Localizable.stringsdict; sourceTree = "<group>"; };
		D0305074281825E300477D33 /* zh-Hans */ = {isa = PBXFileReference; lastKnownFileType = text.plist.stringsdict; name = "zh-Hans"; path = "zh-Hans.lproj/Localizable.stringsdict"; sourceTree = "<group>"; };
		D03050752818261C00477D33 /* LocalizedStringKey+.swift */ = {isa = PBXFileReference; lastKnownFileType = sourcecode.swift; path = "LocalizedStringKey+.swift"; sourceTree = "<group>"; };
		D0305078281826F500477D33 /* ETCDTabBarContentView.swift */ = {isa = PBXFileReference; fileEncoding = 4; lastKnownFileType = sourcecode.swift; path = ETCDTabBarContentView.swift; sourceTree = "<group>"; };
		D0305079281826F500477D33 /* ETCDTableViewRepresentableBootcamp.swift */ = {isa = PBXFileReference; fileEncoding = 4; lastKnownFileType = sourcecode.swift; path = ETCDTableViewRepresentableBootcamp.swift; sourceTree = "<group>"; };
		D030507A281826F500477D33 /* ETCDKVSubContentView.swift */ = {isa = PBXFileReference; fileEncoding = 4; lastKnownFileType = sourcecode.swift; path = ETCDKVSubContentView.swift; sourceTree = "<group>"; };
		D030507B281826F500477D33 /* ETCDTableView.swift */ = {isa = PBXFileReference; fileEncoding = 4; lastKnownFileType = sourcecode.swift; path = ETCDTableView.swift; sourceTree = "<group>"; };
		D030507D281826F500477D33 /* ETCDSheetView.swift */ = {isa = PBXFileReference; fileEncoding = 4; lastKnownFileType = sourcecode.swift; path = ETCDSheetView.swift; sourceTree = "<group>"; };
		D0305080281826F500477D33 /* ETCDKeyValueModel.swift */ = {isa = PBXFileReference; fileEncoding = 4; lastKnownFileType = sourcecode.swift; path = ETCDKeyValueModel.swift; sourceTree = "<group>"; };
		D0305081281826F500477D33 /* ETCDKVItemModel.swift */ = {isa = PBXFileReference; fileEncoding = 4; lastKnownFileType = sourcecode.swift; path = ETCDKVItemModel.swift; sourceTree = "<group>"; };
		D0305083281826F500477D33 /* AboutView.swift */ = {isa = PBXFileReference; fileEncoding = 4; lastKnownFileType = sourcecode.swift; path = AboutView.swift; sourceTree = "<group>"; };
		D0305084281826F500477D33 /* AboutModel.swift */ = {isa = PBXFileReference; fileEncoding = 4; lastKnownFileType = sourcecode.swift; path = AboutModel.swift; sourceTree = "<group>"; };
		D030508A281826F500477D33 /* Content.swift */ = {isa = PBXFileReference; fileEncoding = 4; lastKnownFileType = sourcecode.swift; path = Content.swift; sourceTree = "<group>"; };
		D030508B281826F500477D33 /* ColorHex.swift */ = {isa = PBXFileReference; fileEncoding = 4; lastKnownFileType = sourcecode.swift; path = ColorHex.swift; sourceTree = "<group>"; };
		D030508C281826F500477D33 /* Button.swift */ = {isa = PBXFileReference; fileEncoding = 4; lastKnownFileType = sourcecode.swift; path = Button.swift; sourceTree = "<group>"; };
		D030508E281826F600477D33 /* ETCDConfigView.swift */ = {isa = PBXFileReference; fileEncoding = 4; lastKnownFileType = sourcecode.swift; path = ETCDConfigView.swift; sourceTree = "<group>"; };
		D030508F281826F600477D33 /* ETCDHomeContentView.swift */ = {isa = PBXFileReference; fileEncoding = 4; lastKnownFileType = sourcecode.swift; path = ETCDHomeContentView.swift; sourceTree = "<group>"; };
		D0305090281826F600477D33 /* ETCDHomeMainView.swift */ = {isa = PBXFileReference; fileEncoding = 4; lastKnownFileType = sourcecode.swift; path = ETCDHomeMainView.swift; sourceTree = "<group>"; };
		D0305092281826F600477D33 /* ETCDUserDefaultsModel.swift */ = {isa = PBXFileReference; fileEncoding = 4; lastKnownFileType = sourcecode.swift; path = ETCDUserDefaultsModel.swift; sourceTree = "<group>"; };
		D0305093281826F600477D33 /* ETCDTabarModel.swift */ = {isa = PBXFileReference; fileEncoding = 4; lastKnownFileType = sourcecode.swift; path = ETCDTabarModel.swift; sourceTree = "<group>"; };
		D0305094281826F600477D33 /* HomeViewModel.swift */ = {isa = PBXFileReference; fileEncoding = 4; lastKnownFileType = sourcecode.swift; path = HomeViewModel.swift; sourceTree = "<group>"; };
		D0305096281826F600477D33 /* ETCDConfigModel.swift */ = {isa = PBXFileReference; fileEncoding = 4; lastKnownFileType = sourcecode.swift; path = ETCDConfigModel.swift; sourceTree = "<group>"; };
		D0305098281826F600477D33 /* CardItemView.swift */ = {isa = PBXFileReference; fileEncoding = 4; lastKnownFileType = sourcecode.swift; path = CardItemView.swift; sourceTree = "<group>"; };
		D0305099281826F600477D33 /* TopToastView.swift */ = {isa = PBXFileReference; fileEncoding = 4; lastKnownFileType = sourcecode.swift; path = TopToastView.swift; sourceTree = "<group>"; };
		D03050B42818271000477D33 /* Constant.swift */ = {isa = PBXFileReference; fileEncoding = 4; lastKnownFileType = sourcecode.swift; path = Constant.swift; sourceTree = "<group>"; };
		D03050B52818271000477D33 /* OpenPan.swift */ = {isa = PBXFileReference; fileEncoding = 4; lastKnownFileType = sourcecode.swift; path = OpenPan.swift; sourceTree = "<group>"; };
		D0BAF522281D57FE0062819B /* ETCDEtcdOperationView.swift */ = {isa = PBXFileReference; lastKnownFileType = sourcecode.swift; path = ETCDEtcdOperationView.swift; sourceTree = "<group>"; };
		D0BAF524281D594D0062819B /* ETCDKeyValueActionsView.swift */ = {isa = PBXFileReference; lastKnownFileType = sourcecode.swift; path = ETCDKeyValueActionsView.swift; sourceTree = "<group>"; };
		D0BAF526281D762C0062819B /* ETCDRolesListView.swift */ = {isa = PBXFileReference; lastKnownFileType = sourcecode.swift; path = ETCDRolesListView.swift; sourceTree = "<group>"; };
		D0BAF52A281D81110062819B /* ETCDUserListView.swift */ = {isa = PBXFileReference; lastKnownFileType = sourcecode.swift; path = ETCDUserListView.swift; sourceTree = "<group>"; };
		D0D4687B281E9379002D0849 /* ETCDKeyPrefixView.swift */ = {isa = PBXFileReference; lastKnownFileType = sourcecode.swift; path = ETCDKeyPrefixView.swift; sourceTree = "<group>"; };
		D0E8A994281A26F50087B3B6 /* NSTextView+.swift */ = {isa = PBXFileReference; lastKnownFileType = sourcecode.swift; path = "NSTextView+.swift"; sourceTree = "<group>"; };
		D0EC35A8281BD4BB00F77078 /* ETCDLeaseListView.swift */ = {isa = PBXFileReference; lastKnownFileType = sourcecode.swift; path = ETCDLeaseListView.swift; sourceTree = "<group>"; };
		D0EC35AA281BF51500F77078 /* ETCDLogsObject.swift */ = {isa = PBXFileReference; lastKnownFileType = sourcecode.swift; path = ETCDLogsObject.swift; sourceTree = "<group>"; };
/* End PBXFileReference section */

/* Begin PBXFrameworksBuildPhase section */
		D00ED46028006EAA0068CBB3 /* Frameworks */ = {
			isa = PBXFrameworksBuildPhase;
			buildActionMask = 2147483647;
			files = (
				D07D786A2802827500F72CF7 /* ObjectMapper in Frameworks */,
				D079BE5028143F36006B8619 /* SnapKit in Frameworks */,
				5CF34AA8281E9C9C0052379F /* MacosEtcd.framework in Frameworks */,
				D00ED49928006F600068CBB3 /* AxisTabView in Frameworks */,
				D00ED49628006F490068CBB3 /* PopupView in Frameworks */,
				5CDD958A280AA1180040BD53 /* FilePicker in Frameworks */,
				D00ED49C28006F6E0068CBB3 /* SwiftyJSON in Frameworks */,
				D00ED49328006F350068CBB3 /* NavigationStack in Frameworks */,
			);
			runOnlyForDeploymentPostprocessing = 0;
		};
		D00ED47128006EAC0068CBB3 /* Frameworks */ = {
			isa = PBXFrameworksBuildPhase;
			buildActionMask = 2147483647;
			files = (
			);
			runOnlyForDeploymentPostprocessing = 0;
		};
		D00ED47B28006EAC0068CBB3 /* Frameworks */ = {
			isa = PBXFrameworksBuildPhase;
			buildActionMask = 2147483647;
			files = (
			);
			runOnlyForDeploymentPostprocessing = 0;
		};
/* End PBXFrameworksBuildPhase section */

/* Begin PBXGroup section */
		D00ED45A28006EAA0068CBB3 = {
			isa = PBXGroup;
			children = (
				D00ED46528006EAA0068CBB3 /* etcdWP */,
				D00ED47728006EAC0068CBB3 /* etcdWPTests */,
				D00ED48128006EAC0068CBB3 /* etcdWPUITests */,
				D00ED46428006EAA0068CBB3 /* Products */,
			);
			sourceTree = "<group>";
		};
		D00ED46428006EAA0068CBB3 /* Products */ = {
			isa = PBXGroup;
			children = (
				D00ED46328006EAA0068CBB3 /* etcdWP.app */,
				D00ED47428006EAC0068CBB3 /* etcdWPTests.xctest */,
				D00ED47E28006EAC0068CBB3 /* etcdWPUITests.xctest */,
			);
			name = Products;
			sourceTree = "<group>";
		};
		D00ED46528006EAA0068CBB3 /* etcdWP */ = {
			isa = PBXGroup;
			children = (
				D030500D281824DC00477D33 /* Class */,
				D00ED46628006EAA0068CBB3 /* etcdWPApp.swift */,
				D00ED49D28006F900068CBB3 /* Info.plist */,
				D00ED46F28006EAB0068CBB3 /* etcdWP.entitlements */,
				D00ED46C28006EAB0068CBB3 /* Preview Content */,
			);
			path = etcdWP;
			sourceTree = "<group>";
		};
		D00ED46C28006EAB0068CBB3 /* Preview Content */ = {
			isa = PBXGroup;
			children = (
				D00ED46D28006EAB0068CBB3 /* Preview Assets.xcassets */,
			);
			path = "Preview Content";
			sourceTree = "<group>";
		};
		D00ED47728006EAC0068CBB3 /* etcdWPTests */ = {
			isa = PBXGroup;
			children = (
				D00ED47828006EAC0068CBB3 /* etcdWPTests.swift */,
			);
			path = etcdWPTests;
			sourceTree = "<group>";
		};
		D00ED48128006EAC0068CBB3 /* etcdWPUITests */ = {
			isa = PBXGroup;
			children = (
				D00ED48228006EAC0068CBB3 /* etcdWPUITests.swift */,
				D00ED48428006EAC0068CBB3 /* etcdWPUITestsLaunchTests.swift */,
			);
			path = etcdWPUITests;
			sourceTree = "<group>";
		};
		D030500D281824DC00477D33 /* Class */ = {
			isa = PBXGroup;
			children = (
				D030503F281824DC00477D33 /* Pages */,
				D0305040281824DC00477D33 /* Utility */,
				D0305026281824DC00477D33 /* FrameWork */,
				D030502A281824DC00477D33 /* Ventor */,
				D030503B281824DC00477D33 /* Resource */,
			);
			path = Class;
			sourceTree = "<group>";
		};
		D0305026281824DC00477D33 /* FrameWork */ = {
			isa = PBXGroup;
			children = (
				5CF34AA7281E9C9C0052379F /* MacosEtcd.framework */,
			);
			path = FrameWork;
			sourceTree = "<group>";
		};
		D030502A281824DC00477D33 /* Ventor */ = {
			isa = PBXGroup;
			children = (
				D030502B281824DC00477D33 /* banner */,
			);
			path = Ventor;
			sourceTree = "<group>";
		};
		D030502B281824DC00477D33 /* banner */ = {
			isa = PBXGroup;
			children = (
				D030502C281824DC00477D33 /* Carousel.swift */,
				D030502D281824DC00477D33 /* CarouselItemlView.swift */,
				D030502E281824DC00477D33 /* CarouselView.swift */,
			);
			path = banner;
			sourceTree = "<group>";
		};
		D030503B281824DC00477D33 /* Resource */ = {
			isa = PBXGroup;
			children = (
				D00ED46A28006EAB0068CBB3 /* Assets.xcassets */,
				D030503C281824DC00477D33 /* internationalization */,
			);
			path = Resource;
			sourceTree = "<group>";
		};
		D030503C281824DC00477D33 /* internationalization */ = {
			isa = PBXGroup;
			children = (
				D03050692818253800477D33 /* InfoPlist.strings */,
				D030506D2818253E00477D33 /* Localizable.strings */,
				D0305073281825E100477D33 /* Localizable.stringsdict */,
			);
			path = internationalization;
			sourceTree = "<group>";
		};
		D030503F281824DC00477D33 /* Pages */ = {
			isa = PBXGroup;
			children = (
				D030508D281826F500477D33 /* Home */,
				D0305082281826F500477D33 /* About */,
				D0305077281826F500477D33 /* KV */,
				D0305089281826F500477D33 /* View */,
			);
			path = Pages;
			sourceTree = "<group>";
		};
		D0305040281824DC00477D33 /* Utility */ = {
			isa = PBXGroup;
			children = (
				D03050B32818271000477D33 /* Common */,
				D0305042281824DC00477D33 /* Extension */,
			);
			path = Utility;
			sourceTree = "<group>";
		};
		D0305042281824DC00477D33 /* Extension */ = {
			isa = PBXGroup;
			children = (
				D0305043281824DC00477D33 /* LocalizedStringKey */,
			);
			path = Extension;
			sourceTree = "<group>";
		};
		D0305043281824DC00477D33 /* LocalizedStringKey */ = {
			isa = PBXGroup;
			children = (
				D03050752818261C00477D33 /* LocalizedStringKey+.swift */,
			);
			path = LocalizedStringKey;
			sourceTree = "<group>";
		};
		D0305077281826F500477D33 /* KV */ = {
			isa = PBXGroup;
			children = (
				D0BAF521281D50720062819B /* EtcdOperation */,
				D0305078281826F500477D33 /* ETCDTabBarContentView.swift */,
				D0305079281826F500477D33 /* ETCDTableViewRepresentableBootcamp.swift */,
				D030507A281826F500477D33 /* ETCDKVSubContentView.swift */,
				D030507B281826F500477D33 /* ETCDTableView.swift */,
				D030507F281826F500477D33 /* Model */,
			);
			path = KV;
			sourceTree = "<group>";
		};
		D030507C281826F500477D33 /* sheetView */ = {
			isa = PBXGroup;
			children = (
				D030507D281826F500477D33 /* ETCDSheetView.swift */,
				D0E8A994281A26F50087B3B6 /* NSTextView+.swift */,
				D0EC35A8281BD4BB00F77078 /* ETCDLeaseListView.swift */,
				D0BAF524281D594D0062819B /* ETCDKeyValueActionsView.swift */,
				D0D4687B281E9379002D0849 /* ETCDKeyPrefixView.swift */,
				D0BAF526281D762C0062819B /* ETCDRolesListView.swift */,
				D0BAF52A281D81110062819B /* ETCDUserListView.swift */,
			);
			path = sheetView;
			sourceTree = "<group>";
		};
		D030507F281826F500477D33 /* Model */ = {
			isa = PBXGroup;
			children = (
				D0305080281826F500477D33 /* ETCDKeyValueModel.swift */,
				D0305081281826F500477D33 /* ETCDKVItemModel.swift */,
				D0EC35AA281BF51500F77078 /* ETCDLogsObject.swift */,
			);
			path = Model;
			sourceTree = "<group>";
		};
		D0305082281826F500477D33 /* About */ = {
			isa = PBXGroup;
			children = (
				D0305083281826F500477D33 /* AboutView.swift */,
				D0305084281826F500477D33 /* AboutModel.swift */,
			);
			path = About;
			sourceTree = "<group>";
		};
		D0305089281826F500477D33 /* View */ = {
			isa = PBXGroup;
			children = (
				D030508A281826F500477D33 /* Content.swift */,
				D030508B281826F500477D33 /* ColorHex.swift */,
				D030508C281826F500477D33 /* Button.swift */,
			);
			path = View;
			sourceTree = "<group>";
		};
		D030508D281826F500477D33 /* Home */ = {
			isa = PBXGroup;
			children = (
				D030508E281826F600477D33 /* ETCDConfigView.swift */,
				D030508F281826F600477D33 /* ETCDHomeContentView.swift */,
				D0305090281826F600477D33 /* ETCDHomeMainView.swift */,
				D0305091281826F600477D33 /* Model */,
				D0305097281826F600477D33 /* View */,
			);
			path = Home;
			sourceTree = "<group>";
		};
		D0305091281826F600477D33 /* Model */ = {
			isa = PBXGroup;
			children = (
				D0305092281826F600477D33 /* ETCDUserDefaultsModel.swift */,
				D0305093281826F600477D33 /* ETCDTabarModel.swift */,
				D0305094281826F600477D33 /* HomeViewModel.swift */,
				D0305096281826F600477D33 /* ETCDConfigModel.swift */,
			);
			path = Model;
			sourceTree = "<group>";
		};
		D0305097281826F600477D33 /* View */ = {
			isa = PBXGroup;
			children = (
				D0305098281826F600477D33 /* CardItemView.swift */,
				D0305099281826F600477D33 /* TopToastView.swift */,
			);
			path = View;
			sourceTree = "<group>";
		};
		D03050B32818271000477D33 /* Common */ = {
			isa = PBXGroup;
			children = (
				D03050B42818271000477D33 /* Constant.swift */,
				D03050B52818271000477D33 /* OpenPan.swift */,
			);
			path = Common;
			sourceTree = "<group>";
		};
		D0BAF521281D50720062819B /* EtcdOperation */ = {
			isa = PBXGroup;
			children = (
				D030507C281826F500477D33 /* sheetView */,
				D0BAF522281D57FE0062819B /* ETCDEtcdOperationView.swift */,
			);
			path = EtcdOperation;
			sourceTree = "<group>";
		};
/* End PBXGroup section */

/* Begin PBXNativeTarget section */
		D00ED46228006EAA0068CBB3 /* etcdWP */ = {
			isa = PBXNativeTarget;
			buildConfigurationList = D00ED48828006EAC0068CBB3 /* Build configuration list for PBXNativeTarget "etcdWP" */;
			buildPhases = (
				D00ED45F28006EAA0068CBB3 /* Sources */,
				D00ED46028006EAA0068CBB3 /* Frameworks */,
				D00ED46128006EAA0068CBB3 /* Resources */,
			);
			buildRules = (
			);
			dependencies = (
			);
			name = etcdWP;
			packageProductDependencies = (
				D00ED49228006F350068CBB3 /* NavigationStack */,
				D00ED49528006F490068CBB3 /* PopupView */,
				D00ED49828006F600068CBB3 /* AxisTabView */,
				D00ED49B28006F6E0068CBB3 /* SwiftyJSON */,
				D07D78692802827500F72CF7 /* ObjectMapper */,
				5CDD9589280AA1180040BD53 /* FilePicker */,
				D079BE4F28143F36006B8619 /* SnapKit */,
			);
			productName = etcdWP;
			productReference = D00ED46328006EAA0068CBB3 /* etcdWP.app */;
			productType = "com.apple.product-type.application";
		};
		D00ED47328006EAC0068CBB3 /* etcdWPTests */ = {
			isa = PBXNativeTarget;
			buildConfigurationList = D00ED48B28006EAC0068CBB3 /* Build configuration list for PBXNativeTarget "etcdWPTests" */;
			buildPhases = (
				D00ED47028006EAC0068CBB3 /* Sources */,
				D00ED47128006EAC0068CBB3 /* Frameworks */,
				D00ED47228006EAC0068CBB3 /* Resources */,
			);
			buildRules = (
			);
			dependencies = (
				D00ED47628006EAC0068CBB3 /* PBXTargetDependency */,
			);
			name = etcdWPTests;
			productName = etcdWPTests;
			productReference = D00ED47428006EAC0068CBB3 /* etcdWPTests.xctest */;
			productType = "com.apple.product-type.bundle.unit-test";
		};
		D00ED47D28006EAC0068CBB3 /* etcdWPUITests */ = {
			isa = PBXNativeTarget;
			buildConfigurationList = D00ED48E28006EAC0068CBB3 /* Build configuration list for PBXNativeTarget "etcdWPUITests" */;
			buildPhases = (
				D00ED47A28006EAC0068CBB3 /* Sources */,
				D00ED47B28006EAC0068CBB3 /* Frameworks */,
				D00ED47C28006EAC0068CBB3 /* Resources */,
			);
			buildRules = (
			);
			dependencies = (
				D00ED48028006EAC0068CBB3 /* PBXTargetDependency */,
			);
			name = etcdWPUITests;
			productName = etcdWPUITests;
			productReference = D00ED47E28006EAC0068CBB3 /* etcdWPUITests.xctest */;
			productType = "com.apple.product-type.bundle.ui-testing";
		};
/* End PBXNativeTarget section */

/* Begin PBXProject section */
		D00ED45B28006EAA0068CBB3 /* Project object */ = {
			isa = PBXProject;
			attributes = {
				BuildIndependentTargetsInParallel = 1;
				CLASSPREFIX = ETCD;
				LastSwiftUpdateCheck = 1330;
				LastUpgradeCheck = 1330;
				TargetAttributes = {
					D00ED46228006EAA0068CBB3 = {
						CreatedOnToolsVersion = 13.3;
					};
					D00ED47328006EAC0068CBB3 = {
						CreatedOnToolsVersion = 13.3;
						TestTargetID = D00ED46228006EAA0068CBB3;
					};
					D00ED47D28006EAC0068CBB3 = {
						CreatedOnToolsVersion = 13.3;
						TestTargetID = D00ED46228006EAA0068CBB3;
					};
				};
			};
			buildConfigurationList = D00ED45E28006EAA0068CBB3 /* Build configuration list for PBXProject "etcdWP" */;
			compatibilityVersion = "Xcode 13.0";
			developmentRegion = en;
			hasScannedForEncodings = 0;
			knownRegions = (
				en,
				Base,
				"zh-Hans",
			);
			mainGroup = D00ED45A28006EAA0068CBB3;
			packageReferences = (
				D00ED49128006F350068CBB3 /* XCRemoteSwiftPackageReference "swiftui-navigation-stack" */,
				D00ED49428006F490068CBB3 /* XCRemoteSwiftPackageReference "PopupView" */,
				D00ED49728006F600068CBB3 /* XCRemoteSwiftPackageReference "AxisTabView" */,
				D00ED49A28006F6E0068CBB3 /* XCRemoteSwiftPackageReference "SwiftyJSON" */,
				D07D78682802827500F72CF7 /* XCRemoteSwiftPackageReference "ObjectMapper" */,
				5CDD9588280AA1180040BD53 /* XCRemoteSwiftPackageReference "FilePicker" */,
				5C38C223280BC394004C36C1 /* XCRemoteSwiftPackageReference "Alamofire" */,
				D079BE4E28143F36006B8619 /* XCRemoteSwiftPackageReference "SnapKit" */,
			);
			productRefGroup = D00ED46428006EAA0068CBB3 /* Products */;
			projectDirPath = "";
			projectRoot = "";
			targets = (
				D00ED46228006EAA0068CBB3 /* etcdWP */,
				D00ED47328006EAC0068CBB3 /* etcdWPTests */,
				D00ED47D28006EAC0068CBB3 /* etcdWPUITests */,
			);
		};
/* End PBXProject section */

/* Begin PBXResourcesBuildPhase section */
		D00ED46128006EAA0068CBB3 /* Resources */ = {
			isa = PBXResourcesBuildPhase;
			buildActionMask = 2147483647;
			files = (
				D00ED46E28006EAB0068CBB3 /* Preview Assets.xcassets in Resources */,
				D030506B2818253E00477D33 /* Localizable.strings in Resources */,
				D03050672818253800477D33 /* InfoPlist.strings in Resources */,
				D0305071281825E100477D33 /* Localizable.stringsdict in Resources */,
				D00ED46B28006EAB0068CBB3 /* Assets.xcassets in Resources */,
			);
			runOnlyForDeploymentPostprocessing = 0;
		};
		D00ED47228006EAC0068CBB3 /* Resources */ = {
			isa = PBXResourcesBuildPhase;
			buildActionMask = 2147483647;
			files = (
			);
			runOnlyForDeploymentPostprocessing = 0;
		};
		D00ED47C28006EAC0068CBB3 /* Resources */ = {
			isa = PBXResourcesBuildPhase;
			buildActionMask = 2147483647;
			files = (
			);
			runOnlyForDeploymentPostprocessing = 0;
		};
/* End PBXResourcesBuildPhase section */

/* Begin PBXSourcesBuildPhase section */
		D00ED45F28006EAA0068CBB3 /* Sources */ = {
			isa = PBXSourcesBuildPhase;
			buildActionMask = 2147483647;
			files = (
				D0BAF523281D57FE0062819B /* ETCDEtcdOperationView.swift in Sources */,
				D0305059281824DD00477D33 /* CarouselItemlView.swift in Sources */,
				D030509B281826F600477D33 /* ETCDTableViewRepresentableBootcamp.swift in Sources */,
				D0EC35A9281BD4BB00F77078 /* ETCDLeaseListView.swift in Sources */,
				D030509D281826F600477D33 /* ETCDTableView.swift in Sources */,
				D03050A0281826F600477D33 /* ETCDKeyValueModel.swift in Sources */,
				D0BAF52B281D81110062819B /* ETCDUserListView.swift in Sources */,
				D03050762818261C00477D33 /* LocalizedStringKey+.swift in Sources */,
				D03050A6281826F600477D33 /* Content.swift in Sources */,
				D0305058281824DD00477D33 /* Carousel.swift in Sources */,
				D00ED46728006EAA0068CBB3 /* etcdWPApp.swift in Sources */,
				D030509A281826F600477D33 /* ETCDTabBarContentView.swift in Sources */,
				D03050AA281826F600477D33 /* ETCDHomeContentView.swift in Sources */,
				D03050A7281826F600477D33 /* ColorHex.swift in Sources */,
				D03050AB281826F600477D33 /* ETCDHomeMainView.swift in Sources */,
				D03050A2281826F600477D33 /* AboutView.swift in Sources */,
				D030509C281826F600477D33 /* ETCDKVSubContentView.swift in Sources */,
				D0E8A995281A26F50087B3B6 /* NSTextView+.swift in Sources */,
				D03050B0281826F600477D33 /* ETCDConfigModel.swift in Sources */,
				D03050B62818271000477D33 /* Constant.swift in Sources */,
				D0D4687C281E9379002D0849 /* ETCDKeyPrefixView.swift in Sources */,
				D03050AD281826F600477D33 /* ETCDTabarModel.swift in Sources */,
				D03050B2281826F600477D33 /* TopToastView.swift in Sources */,
				D03050A8281826F600477D33 /* Button.swift in Sources */,
				D03050B1281826F600477D33 /* CardItemView.swift in Sources */,
				D0EC35AB281BF51500F77078 /* ETCDLogsObject.swift in Sources */,
				D030509E281826F600477D33 /* ETCDSheetView.swift in Sources */,
				D0BAF527281D762C0062819B /* ETCDRolesListView.swift in Sources */,
				D03050B72818271000477D33 /* OpenPan.swift in Sources */,
				D030505A281824DD00477D33 /* CarouselView.swift in Sources */,
				D03050AE281826F600477D33 /* HomeViewModel.swift in Sources */,
				D03050AC281826F600477D33 /* ETCDUserDefaultsModel.swift in Sources */,
				D03050A3281826F600477D33 /* AboutModel.swift in Sources */,
				D03050A1281826F600477D33 /* ETCDKVItemModel.swift in Sources */,
				D0BAF525281D594D0062819B /* ETCDKeyValueActionsView.swift in Sources */,
				D03050A9281826F600477D33 /* ETCDConfigView.swift in Sources */,
			);
			runOnlyForDeploymentPostprocessing = 0;
		};
		D00ED47028006EAC0068CBB3 /* Sources */ = {
			isa = PBXSourcesBuildPhase;
			buildActionMask = 2147483647;
			files = (
				D00ED47928006EAC0068CBB3 /* etcdWPTests.swift in Sources */,
			);
			runOnlyForDeploymentPostprocessing = 0;
		};
		D00ED47A28006EAC0068CBB3 /* Sources */ = {
			isa = PBXSourcesBuildPhase;
			buildActionMask = 2147483647;
			files = (
				D00ED48328006EAC0068CBB3 /* etcdWPUITests.swift in Sources */,
				D00ED48528006EAC0068CBB3 /* etcdWPUITestsLaunchTests.swift in Sources */,
			);
			runOnlyForDeploymentPostprocessing = 0;
		};
/* End PBXSourcesBuildPhase section */

/* Begin PBXTargetDependency section */
		D00ED47628006EAC0068CBB3 /* PBXTargetDependency */ = {
			isa = PBXTargetDependency;
			target = D00ED46228006EAA0068CBB3 /* etcdWP */;
			targetProxy = D00ED47528006EAC0068CBB3 /* PBXContainerItemProxy */;
		};
		D00ED48028006EAC0068CBB3 /* PBXTargetDependency */ = {
			isa = PBXTargetDependency;
			target = D00ED46228006EAA0068CBB3 /* etcdWP */;
			targetProxy = D00ED47F28006EAC0068CBB3 /* PBXContainerItemProxy */;
		};
/* End PBXTargetDependency section */

/* Begin PBXVariantGroup section */
		D03050692818253800477D33 /* InfoPlist.strings */ = {
			isa = PBXVariantGroup;
			children = (
				D03050682818253800477D33 /* en */,
				D030506A2818253A00477D33 /* zh-Hans */,
			);
			name = InfoPlist.strings;
			sourceTree = "<group>";
		};
		D030506D2818253E00477D33 /* Localizable.strings */ = {
			isa = PBXVariantGroup;
			children = (
				D030506C2818253E00477D33 /* en */,
				D030506E2818254000477D33 /* zh-Hans */,
			);
			name = Localizable.strings;
			sourceTree = "<group>";
		};
		D0305073281825E100477D33 /* Localizable.stringsdict */ = {
			isa = PBXVariantGroup;
			children = (
				D0305072281825E100477D33 /* en */,
				D0305074281825E300477D33 /* zh-Hans */,
			);
			name = Localizable.stringsdict;
			sourceTree = "<group>";
		};
/* End PBXVariantGroup section */

/* Begin XCBuildConfiguration section */
		D00ED48628006EAC0068CBB3 /* Debug */ = {
			isa = XCBuildConfiguration;
			buildSettings = {
				ALWAYS_SEARCH_USER_PATHS = NO;
				CLANG_ANALYZER_NONNULL = YES;
				CLANG_ANALYZER_NUMBER_OBJECT_CONVERSION = YES_AGGRESSIVE;
				CLANG_CXX_LANGUAGE_STANDARD = "gnu++17";
				CLANG_ENABLE_MODULES = YES;
				CLANG_ENABLE_OBJC_ARC = YES;
				CLANG_ENABLE_OBJC_WEAK = YES;
				CLANG_WARN_BLOCK_CAPTURE_AUTORELEASING = YES;
				CLANG_WARN_BOOL_CONVERSION = YES;
				CLANG_WARN_COMMA = YES;
				CLANG_WARN_CONSTANT_CONVERSION = YES;
				CLANG_WARN_DEPRECATED_OBJC_IMPLEMENTATIONS = YES;
				CLANG_WARN_DIRECT_OBJC_ISA_USAGE = YES_ERROR;
				CLANG_WARN_DOCUMENTATION_COMMENTS = YES;
				CLANG_WARN_EMPTY_BODY = YES;
				CLANG_WARN_ENUM_CONVERSION = YES;
				CLANG_WARN_INFINITE_RECURSION = YES;
				CLANG_WARN_INT_CONVERSION = YES;
				CLANG_WARN_NON_LITERAL_NULL_CONVERSION = YES;
				CLANG_WARN_OBJC_IMPLICIT_RETAIN_SELF = YES;
				CLANG_WARN_OBJC_LITERAL_CONVERSION = YES;
				CLANG_WARN_OBJC_ROOT_CLASS = YES_ERROR;
				CLANG_WARN_QUOTED_INCLUDE_IN_FRAMEWORK_HEADER = YES;
				CLANG_WARN_RANGE_LOOP_ANALYSIS = YES;
				CLANG_WARN_STRICT_PROTOTYPES = YES;
				CLANG_WARN_SUSPICIOUS_MOVE = YES;
				CLANG_WARN_UNGUARDED_AVAILABILITY = YES_AGGRESSIVE;
				CLANG_WARN_UNREACHABLE_CODE = YES;
				CLANG_WARN__DUPLICATE_METHOD_MATCH = YES;
				COPY_PHASE_STRIP = NO;
				DEBUG_INFORMATION_FORMAT = dwarf;
				ENABLE_STRICT_OBJC_MSGSEND = YES;
				ENABLE_TESTABILITY = YES;
				GCC_C_LANGUAGE_STANDARD = gnu11;
				GCC_DYNAMIC_NO_PIC = NO;
				GCC_NO_COMMON_BLOCKS = YES;
				GCC_OPTIMIZATION_LEVEL = 0;
				GCC_PREPROCESSOR_DEFINITIONS = (
					"DEBUG=1",
					"$(inherited)",
				);
				GCC_WARN_64_TO_32_BIT_CONVERSION = YES;
				GCC_WARN_ABOUT_RETURN_TYPE = YES_ERROR;
				GCC_WARN_UNDECLARED_SELECTOR = YES;
				GCC_WARN_UNINITIALIZED_AUTOS = YES_AGGRESSIVE;
				GCC_WARN_UNUSED_FUNCTION = YES;
				GCC_WARN_UNUSED_VARIABLE = YES;
				MACOSX_DEPLOYMENT_TARGET = 11.0;
				MTL_ENABLE_DEBUG_INFO = INCLUDE_SOURCE;
				MTL_FAST_MATH = YES;
				ONLY_ACTIVE_ARCH = YES;
				SDKROOT = macosx;
				SWIFT_ACTIVE_COMPILATION_CONDITIONS = DEBUG;
				SWIFT_OPTIMIZATION_LEVEL = "-Onone";
			};
			name = Debug;
		};
		D00ED48728006EAC0068CBB3 /* Release */ = {
			isa = XCBuildConfiguration;
			buildSettings = {
				ALWAYS_SEARCH_USER_PATHS = NO;
				CLANG_ANALYZER_NONNULL = YES;
				CLANG_ANALYZER_NUMBER_OBJECT_CONVERSION = YES_AGGRESSIVE;
				CLANG_CXX_LANGUAGE_STANDARD = "gnu++17";
				CLANG_ENABLE_MODULES = YES;
				CLANG_ENABLE_OBJC_ARC = YES;
				CLANG_ENABLE_OBJC_WEAK = YES;
				CLANG_WARN_BLOCK_CAPTURE_AUTORELEASING = YES;
				CLANG_WARN_BOOL_CONVERSION = YES;
				CLANG_WARN_COMMA = YES;
				CLANG_WARN_CONSTANT_CONVERSION = YES;
				CLANG_WARN_DEPRECATED_OBJC_IMPLEMENTATIONS = YES;
				CLANG_WARN_DIRECT_OBJC_ISA_USAGE = YES_ERROR;
				CLANG_WARN_DOCUMENTATION_COMMENTS = YES;
				CLANG_WARN_EMPTY_BODY = YES;
				CLANG_WARN_ENUM_CONVERSION = YES;
				CLANG_WARN_INFINITE_RECURSION = YES;
				CLANG_WARN_INT_CONVERSION = YES;
				CLANG_WARN_NON_LITERAL_NULL_CONVERSION = YES;
				CLANG_WARN_OBJC_IMPLICIT_RETAIN_SELF = YES;
				CLANG_WARN_OBJC_LITERAL_CONVERSION = YES;
				CLANG_WARN_OBJC_ROOT_CLASS = YES_ERROR;
				CLANG_WARN_QUOTED_INCLUDE_IN_FRAMEWORK_HEADER = YES;
				CLANG_WARN_RANGE_LOOP_ANALYSIS = YES;
				CLANG_WARN_STRICT_PROTOTYPES = YES;
				CLANG_WARN_SUSPICIOUS_MOVE = YES;
				CLANG_WARN_UNGUARDED_AVAILABILITY = YES_AGGRESSIVE;
				CLANG_WARN_UNREACHABLE_CODE = YES;
				CLANG_WARN__DUPLICATE_METHOD_MATCH = YES;
				COPY_PHASE_STRIP = NO;
				DEBUG_INFORMATION_FORMAT = "dwarf-with-dsym";
				ENABLE_NS_ASSERTIONS = NO;
				ENABLE_STRICT_OBJC_MSGSEND = YES;
				GCC_C_LANGUAGE_STANDARD = gnu11;
				GCC_NO_COMMON_BLOCKS = YES;
				GCC_WARN_64_TO_32_BIT_CONVERSION = YES;
				GCC_WARN_ABOUT_RETURN_TYPE = YES_ERROR;
				GCC_WARN_UNDECLARED_SELECTOR = YES;
				GCC_WARN_UNINITIALIZED_AUTOS = YES_AGGRESSIVE;
				GCC_WARN_UNUSED_FUNCTION = YES;
				GCC_WARN_UNUSED_VARIABLE = YES;
				MACOSX_DEPLOYMENT_TARGET = 11.0;
				MTL_ENABLE_DEBUG_INFO = NO;
				MTL_FAST_MATH = YES;
				SDKROOT = macosx;
				SWIFT_COMPILATION_MODE = wholemodule;
				SWIFT_OPTIMIZATION_LEVEL = "-O";
			};
			name = Release;
		};
		D00ED48928006EAC0068CBB3 /* Debug */ = {
			isa = XCBuildConfiguration;
			buildSettings = {
				ASSETCATALOG_COMPILER_APPICON_NAME = AppIcon;
				ASSETCATALOG_COMPILER_GLOBAL_ACCENT_COLOR_NAME = AccentColor;
				CODE_SIGN_ENTITLEMENTS = etcdWP/etcdWP.entitlements;
				CODE_SIGN_STYLE = Automatic;
				COMBINE_HIDPI_IMAGES = YES;
				CURRENT_PROJECT_VERSION = 8;
				DEVELOPMENT_ASSET_PATHS = "\"etcdWP/Preview Content\"";
				DEVELOPMENT_TEAM = 93C2552H5C;
				ENABLE_HARDENED_RUNTIME = YES;
				ENABLE_PREVIEWS = YES;
				FRAMEWORK_SEARCH_PATHS = (
					"$(inherited)",
					"$(PROJECT_DIR)/etcdWP/frameWork",
					"$(PROJECT_DIR)/etcdWP/Class/frameWork",
					"$(PROJECT_DIR)/etcdWP/Class/FrameWork",
				);
				GENERATE_INFOPLIST_FILE = YES;
				INFOPLIST_FILE = etcdWP/Info.plist;
				INFOPLIST_KEY_LSApplicationCategoryType = "public.app-category.developer-tools";
				INFOPLIST_KEY_NSHumanReadableCopyright = "";
				LD_RUNPATH_SEARCH_PATHS = (
					"$(inherited)",
					"@executable_path/../Frameworks",
				);
				MACOSX_DEPLOYMENT_TARGET = 11.0;
				MARKETING_VERSION = 1.0.4;
				PRODUCT_BUNDLE_IDENTIFIER = com.etcdwp.app;
				PRODUCT_NAME = "$(TARGET_NAME)";
				SWIFT_EMIT_LOC_STRINGS = YES;
				SWIFT_VERSION = 5.0;
			};
			name = Debug;
		};
		D00ED48A28006EAC0068CBB3 /* Release */ = {
			isa = XCBuildConfiguration;
			buildSettings = {
				ASSETCATALOG_COMPILER_APPICON_NAME = AppIcon;
				ASSETCATALOG_COMPILER_GLOBAL_ACCENT_COLOR_NAME = AccentColor;
				CODE_SIGN_ENTITLEMENTS = etcdWP/etcdWP.entitlements;
				CODE_SIGN_STYLE = Automatic;
				COMBINE_HIDPI_IMAGES = YES;
				CURRENT_PROJECT_VERSION = 8;
				DEVELOPMENT_ASSET_PATHS = "\"etcdWP/Preview Content\"";
				DEVELOPMENT_TEAM = 93C2552H5C;
				ENABLE_HARDENED_RUNTIME = YES;
				ENABLE_PREVIEWS = YES;
				FRAMEWORK_SEARCH_PATHS = (
					"$(inherited)",
					"$(PROJECT_DIR)/etcdWP/frameWork",
					"$(PROJECT_DIR)/etcdWP/Class/frameWork",
					"$(PROJECT_DIR)/etcdWP/Class/FrameWork",
				);
				GENERATE_INFOPLIST_FILE = YES;
				INFOPLIST_FILE = etcdWP/Info.plist;
				INFOPLIST_KEY_LSApplicationCategoryType = "public.app-category.developer-tools";
				INFOPLIST_KEY_NSHumanReadableCopyright = "";
				LD_RUNPATH_SEARCH_PATHS = (
					"$(inherited)",
					"@executable_path/../Frameworks",
				);
				MACOSX_DEPLOYMENT_TARGET = 11.0;
				MARKETING_VERSION = 1.0.4;
				PRODUCT_BUNDLE_IDENTIFIER = com.etcdwp.app;
				PRODUCT_NAME = "$(TARGET_NAME)";
				SWIFT_EMIT_LOC_STRINGS = YES;
				SWIFT_VERSION = 5.0;
			};
			name = Release;
		};
		D00ED48C28006EAC0068CBB3 /* Debug */ = {
			isa = XCBuildConfiguration;
			buildSettings = {
				ALWAYS_EMBED_SWIFT_STANDARD_LIBRARIES = YES;
				BUNDLE_LOADER = "$(TEST_HOST)";
				CODE_SIGN_STYLE = Automatic;
				CURRENT_PROJECT_VERSION = 1;
				DEVELOPMENT_TEAM = 93C2552H5C;
				GENERATE_INFOPLIST_FILE = YES;
				MACOSX_DEPLOYMENT_TARGET = 12.0;
				MARKETING_VERSION = 1.0;
				PRODUCT_BUNDLE_IDENTIFIER = Study.etcdWPTests;
				PRODUCT_NAME = "$(TARGET_NAME)";
				SWIFT_EMIT_LOC_STRINGS = NO;
				SWIFT_VERSION = 5.0;
				TEST_HOST = "$(BUILT_PRODUCTS_DIR)/etcdWP.app/Contents/MacOS/etcdWP";
			};
			name = Debug;
		};
		D00ED48D28006EAC0068CBB3 /* Release */ = {
			isa = XCBuildConfiguration;
			buildSettings = {
				ALWAYS_EMBED_SWIFT_STANDARD_LIBRARIES = YES;
				BUNDLE_LOADER = "$(TEST_HOST)";
				CODE_SIGN_STYLE = Automatic;
				CURRENT_PROJECT_VERSION = 1;
				DEVELOPMENT_TEAM = 93C2552H5C;
				GENERATE_INFOPLIST_FILE = YES;
				MACOSX_DEPLOYMENT_TARGET = 12.0;
				MARKETING_VERSION = 1.0;
				PRODUCT_BUNDLE_IDENTIFIER = Study.etcdWPTests;
				PRODUCT_NAME = "$(TARGET_NAME)";
				SWIFT_EMIT_LOC_STRINGS = NO;
				SWIFT_VERSION = 5.0;
				TEST_HOST = "$(BUILT_PRODUCTS_DIR)/etcdWP.app/Contents/MacOS/etcdWP";
			};
			name = Release;
		};
		D00ED48F28006EAC0068CBB3 /* Debug */ = {
			isa = XCBuildConfiguration;
			buildSettings = {
				ALWAYS_EMBED_SWIFT_STANDARD_LIBRARIES = YES;
				CODE_SIGN_STYLE = Automatic;
				CURRENT_PROJECT_VERSION = 1;
				DEVELOPMENT_TEAM = 93C2552H5C;
				GENERATE_INFOPLIST_FILE = YES;
				MARKETING_VERSION = 1.0;
				PRODUCT_BUNDLE_IDENTIFIER = Study.etcdWPUITests;
				PRODUCT_NAME = "$(TARGET_NAME)";
				SWIFT_EMIT_LOC_STRINGS = NO;
				SWIFT_VERSION = 5.0;
				TEST_TARGET_NAME = etcdWP;
			};
			name = Debug;
		};
		D00ED49028006EAC0068CBB3 /* Release */ = {
			isa = XCBuildConfiguration;
			buildSettings = {
				ALWAYS_EMBED_SWIFT_STANDARD_LIBRARIES = YES;
				CODE_SIGN_STYLE = Automatic;
				CURRENT_PROJECT_VERSION = 1;
				DEVELOPMENT_TEAM = 93C2552H5C;
				GENERATE_INFOPLIST_FILE = YES;
				MARKETING_VERSION = 1.0;
				PRODUCT_BUNDLE_IDENTIFIER = Study.etcdWPUITests;
				PRODUCT_NAME = "$(TARGET_NAME)";
				SWIFT_EMIT_LOC_STRINGS = NO;
				SWIFT_VERSION = 5.0;
				TEST_TARGET_NAME = etcdWP;
			};
			name = Release;
		};
/* End XCBuildConfiguration section */

/* Begin XCConfigurationList section */
		D00ED45E28006EAA0068CBB3 /* Build configuration list for PBXProject "etcdWP" */ = {
			isa = XCConfigurationList;
			buildConfigurations = (
				D00ED48628006EAC0068CBB3 /* Debug */,
				D00ED48728006EAC0068CBB3 /* Release */,
			);
			defaultConfigurationIsVisible = 0;
			defaultConfigurationName = Release;
		};
		D00ED48828006EAC0068CBB3 /* Build configuration list for PBXNativeTarget "etcdWP" */ = {
			isa = XCConfigurationList;
			buildConfigurations = (
				D00ED48928006EAC0068CBB3 /* Debug */,
				D00ED48A28006EAC0068CBB3 /* Release */,
			);
			defaultConfigurationIsVisible = 0;
			defaultConfigurationName = Release;
		};
		D00ED48B28006EAC0068CBB3 /* Build configuration list for PBXNativeTarget "etcdWPTests" */ = {
			isa = XCConfigurationList;
			buildConfigurations = (
				D00ED48C28006EAC0068CBB3 /* Debug */,
				D00ED48D28006EAC0068CBB3 /* Release */,
			);
			defaultConfigurationIsVisible = 0;
			defaultConfigurationName = Release;
		};
		D00ED48E28006EAC0068CBB3 /* Build configuration list for PBXNativeTarget "etcdWPUITests" */ = {
			isa = XCConfigurationList;
			buildConfigurations = (
				D00ED48F28006EAC0068CBB3 /* Debug */,
				D00ED49028006EAC0068CBB3 /* Release */,
			);
			defaultConfigurationIsVisible = 0;
			defaultConfigurationName = Release;
		};
/* End XCConfigurationList section */

/* Begin XCRemoteSwiftPackageReference section */
		5C38C223280BC394004C36C1 /* XCRemoteSwiftPackageReference "Alamofire" */ = {
			isa = XCRemoteSwiftPackageReference;
			repositoryURL = "https://github.com/Alamofire/Alamofire";
			requirement = {
				kind = upToNextMajorVersion;
				minimumVersion = 5.0.0;
			};
		};
		5CDD9588280AA1180040BD53 /* XCRemoteSwiftPackageReference "FilePicker" */ = {
			isa = XCRemoteSwiftPackageReference;
			repositoryURL = "https://github.com/markrenaud/FilePicker";
			requirement = {
				kind = upToNextMajorVersion;
				minimumVersion = 1.0.0;
			};
		};
		D00ED49128006F350068CBB3 /* XCRemoteSwiftPackageReference "swiftui-navigation-stack" */ = {
			isa = XCRemoteSwiftPackageReference;
			repositoryURL = "https://github.com/matteopuc/swiftui-navigation-stack";
			requirement = {
				kind = exactVersion;
				version = 1.0.4;
			};
		};
		D00ED49428006F490068CBB3 /* XCRemoteSwiftPackageReference "PopupView" */ = {
			isa = XCRemoteSwiftPackageReference;
			repositoryURL = "https://github.com/exyte/PopupView.git";
			requirement = {
				kind = exactVersion;
				version = 1.0.7;
			};
		};
		D00ED49728006F600068CBB3 /* XCRemoteSwiftPackageReference "AxisTabView" */ = {
			isa = XCRemoteSwiftPackageReference;
			repositoryURL = "https://github.com/jasudev/AxisTabView";
			requirement = {
				kind = exactVersion;
				version = 0.5.1;
			};
		};
		D00ED49A28006F6E0068CBB3 /* XCRemoteSwiftPackageReference "SwiftyJSON" */ = {
			isa = XCRemoteSwiftPackageReference;
			repositoryURL = "https://github.com/SwiftyJSON/SwiftyJSON";
			requirement = {
				kind = exactVersion;
				version = 5.0.1;
			};
		};
		D079BE4E28143F36006B8619 /* XCRemoteSwiftPackageReference "SnapKit" */ = {
			isa = XCRemoteSwiftPackageReference;
			repositoryURL = "https://github.com/SnapKit/SnapKit.git";
			requirement = {
				kind = exactVersion;
				version = 5.6.0;
			};
		};
		D07D78682802827500F72CF7 /* XCRemoteSwiftPackageReference "ObjectMapper" */ = {
			isa = XCRemoteSwiftPackageReference;
			repositoryURL = "https://github.com/tristanhimmelman/ObjectMapper.git";
			requirement = {
				kind = exactVersion;
				version = 4.2.0;
			};
		};
/* End XCRemoteSwiftPackageReference section */

/* Begin XCSwiftPackageProductDependency section */
		5CDD9589280AA1180040BD53 /* FilePicker */ = {
			isa = XCSwiftPackageProductDependency;
			package = 5CDD9588280AA1180040BD53 /* XCRemoteSwiftPackageReference "FilePicker" */;
			productName = FilePicker;
		};
		D00ED49228006F350068CBB3 /* NavigationStack */ = {
			isa = XCSwiftPackageProductDependency;
			package = D00ED49128006F350068CBB3 /* XCRemoteSwiftPackageReference "swiftui-navigation-stack" */;
			productName = NavigationStack;
		};
		D00ED49528006F490068CBB3 /* PopupView */ = {
			isa = XCSwiftPackageProductDependency;
			package = D00ED49428006F490068CBB3 /* XCRemoteSwiftPackageReference "PopupView" */;
			productName = PopupView;
		};
		D00ED49828006F600068CBB3 /* AxisTabView */ = {
			isa = XCSwiftPackageProductDependency;
			package = D00ED49728006F600068CBB3 /* XCRemoteSwiftPackageReference "AxisTabView" */;
			productName = AxisTabView;
		};
		D00ED49B28006F6E0068CBB3 /* SwiftyJSON */ = {
			isa = XCSwiftPackageProductDependency;
			package = D00ED49A28006F6E0068CBB3 /* XCRemoteSwiftPackageReference "SwiftyJSON" */;
			productName = SwiftyJSON;
		};
		D079BE4F28143F36006B8619 /* SnapKit */ = {
			isa = XCSwiftPackageProductDependency;
			package = D079BE4E28143F36006B8619 /* XCRemoteSwiftPackageReference "SnapKit" */;
			productName = SnapKit;
		};
		D07D78692802827500F72CF7 /* ObjectMapper */ = {
			isa = XCSwiftPackageProductDependency;
			package = D07D78682802827500F72CF7 /* XCRemoteSwiftPackageReference "ObjectMapper" */;
			productName = ObjectMapper;
		};
/* End XCSwiftPackageProductDependency section */
	};
	rootObject = D00ED45B28006EAA0068CBB3 /* Project object */;
}
